// !$*UTF8*$!
{
	archiveVersion = 1;
	classes = {
	};
	objectVersion = 46;
	objects = {

/* Begin PBXBuildFile section */
		B80057591C3C8D2D00185769 /* OptionsUISceneViewController.swift in Sources */ = {isa = PBXBuildFile; fileRef = B80057571C3C8D2D00185769 /* OptionsUISceneViewController.swift */; };
		B800575C1C3C8D8900185769 /* EndGameUIView.swift in Sources */ = {isa = PBXBuildFile; fileRef = B800575B1C3C8D8900185769 /* EndGameUIView.swift */; };
		B800575E1C3D7E4600185769 /* MMWBG.png in Resources */ = {isa = PBXBuildFile; fileRef = B800575D1C3D7E4600185769 /* MMWBG.png */; };
		B80057601C3D827500185769 /* MMWOptionsScreen@2x.png in Resources */ = {isa = PBXBuildFile; fileRef = B800575F1C3D827500185769 /* MMWOptionsScreen@2x.png */; };
		B80327FF1C0CD22E0002665F /* CoreData.framework in Frameworks */ = {isa = PBXBuildFile; fileRef = B80327FE1C0CD22E0002665F /* CoreData.framework */; };
		B80757221C3ED01600E59EF4 /* MMWResumeButton@2x.png in Resources */ = {isa = PBXBuildFile; fileRef = B80757211C3ED01600E59EF4 /* MMWResumeButton@2x.png */; };
		B808A42E1B9A0C000070A1A6 /* Trie.swift in Sources */ = {isa = PBXBuildFile; fileRef = B808A42D1B9A0C000070A1A6 /* Trie.swift */; };
		B809D41E1C90D16D0091B9F0 /* avatar006@2x.png in Resources */ = {isa = PBXBuildFile; fileRef = B809D41D1C90D16D0091B9F0 /* avatar006@2x.png */; };
		B809D4201C90D1890091B9F0 /* meyama005@2x.png in Resources */ = {isa = PBXBuildFile; fileRef = B809D41F1C90D1890091B9F0 /* meyama005@2x.png */; };
		B809D4221C90D1B70091B9F0 /* meyama006@2x.png in Resources */ = {isa = PBXBuildFile; fileRef = B809D4211C90D1B70091B9F0 /* meyama006@2x.png */; };
		B81CF1381C12203500F5261D /* Model.xcdatamodeld in Sources */ = {isa = PBXBuildFile; fileRef = B81CF1361C12203400F5261D /* Model.xcdatamodeld */; };
		B81CF13C1C12207A00F5261D /* CDHelper.swift in Sources */ = {isa = PBXBuildFile; fileRef = B81CF13B1C12207A00F5261D /* CDHelper.swift */; };
		B81CF1501C123D5C00F5261D /* TrieData+CoreDataProperties.swift in Sources */ = {isa = PBXBuildFile; fileRef = B81CF14E1C123D5C00F5261D /* TrieData+CoreDataProperties.swift */; };
		B81CF1511C123D5C00F5261D /* TrieData.swift in Sources */ = {isa = PBXBuildFile; fileRef = B81CF14F1C123D5C00F5261D /* TrieData.swift */; };
		B81CF15C1C12485200F5261D /* GameState+CoreDataProperties.swift in Sources */ = {isa = PBXBuildFile; fileRef = B81CF15A1C12485200F5261D /* GameState+CoreDataProperties.swift */; };
		B81CF15D1C12485200F5261D /* GameState.swift in Sources */ = {isa = PBXBuildFile; fileRef = B81CF15B1C12485200F5261D /* GameState.swift */; };
		B81CF1601C1249A100F5261D /* Item+CoreDataProperties.swift in Sources */ = {isa = PBXBuildFile; fileRef = B81CF15E1C1249A100F5261D /* Item+CoreDataProperties.swift */; };
		B81CF1611C1249A100F5261D /* Item.swift in Sources */ = {isa = PBXBuildFile; fileRef = B81CF15F1C1249A100F5261D /* Item.swift */; };
		B820241F1B65BFD0004E413A /* StreamReader.swift in Sources */ = {isa = PBXBuildFile; fileRef = B820241E1B65BFD0004E413A /* StreamReader.swift */; };
		B822CEE41C38864D0043905E /* PauseButton@2x.png in Resources */ = {isa = PBXBuildFile; fileRef = B822CEE21C38864D0043905E /* PauseButton@2x.png */; };
		B822CEE51C38864D0043905E /* PauseButton@3x.png in Resources */ = {isa = PBXBuildFile; fileRef = B822CEE31C38864D0043905E /* PauseButton@3x.png */; };
		B822CEE81C3886560043905E /* PassButton@2x.png in Resources */ = {isa = PBXBuildFile; fileRef = B822CEE61C3886560043905E /* PassButton@2x.png */; };
		B822CEE91C3886560043905E /* PassButton@3x.png in Resources */ = {isa = PBXBuildFile; fileRef = B822CEE71C3886560043905E /* PassButton@3x.png */; };
		B822CEEC1C38880B0043905E /* NewTilesButton@2x.png in Resources */ = {isa = PBXBuildFile; fileRef = B822CEEA1C38880B0043905E /* NewTilesButton@2x.png */; };
		B822CEED1C38880B0043905E /* NewTilesButton@3x.png in Resources */ = {isa = PBXBuildFile; fileRef = B822CEEB1C38880B0043905E /* NewTilesButton@3x.png */; };
		B822CEEF1C388AE10043905E /* PlayerBG02Island.png in Resources */ = {isa = PBXBuildFile; fileRef = B822CEEE1C388AE10043905E /* PlayerBG02Island.png */; };
		B822CEF11C388B150043905E /* PlayerBG02Island@3x.png in Resources */ = {isa = PBXBuildFile; fileRef = B822CEF01C388B150043905E /* PlayerBG02Island@3x.png */; };
		B822CEF31C388ED70043905E /* MMWPlayerTilesGrid@2x.png in Resources */ = {isa = PBXBuildFile; fileRef = B822CEF21C388ED70043905E /* MMWPlayerTilesGrid@2x.png */; };
		B822CEF51C388F230043905E /* tileCover.png in Resources */ = {isa = PBXBuildFile; fileRef = B822CEF41C388F230043905E /* tileCover.png */; };
		B822CEF71C388F530043905E /* MMWPlayerTilesPlaque.png in Resources */ = {isa = PBXBuildFile; fileRef = B822CEF61C388F530043905E /* MMWPlayerTilesPlaque.png */; };
		B822CEFD1C3892640043905E /* playerGridGlowTex.png in Resources */ = {isa = PBXBuildFile; fileRef = B822CEFA1C3892640043905E /* playerGridGlowTex.png */; };
		B822CEFE1C3892640043905E /* playerGridGlowTex@2x.png in Resources */ = {isa = PBXBuildFile; fileRef = B822CEFB1C3892640043905E /* playerGridGlowTex@2x.png */; };
		B822CEFF1C3892640043905E /* playerGridGlowTex@3x.png in Resources */ = {isa = PBXBuildFile; fileRef = B822CEFC1C3892640043905E /* playerGridGlowTex@3x.png */; };
		B822CF011C38ABCF0043905E /* tileCover@3x.png in Resources */ = {isa = PBXBuildFile; fileRef = B822CF001C38ABCF0043905E /* tileCover@3x.png */; };
		B822CF071C390D0C0043905E /* OptButtonWordLength2.png in Resources */ = {isa = PBXBuildFile; fileRef = B822CF031C390D0C0043905E /* OptButtonWordLength2.png */; };
		B822CF081C390D0C0043905E /* OptButtonWordLength2Boxed.png in Resources */ = {isa = PBXBuildFile; fileRef = B822CF041C390D0C0043905E /* OptButtonWordLength2Boxed.png */; };
		B822CF091C390D0C0043905E /* OptButtonWordLength3.png in Resources */ = {isa = PBXBuildFile; fileRef = B822CF051C390D0C0043905E /* OptButtonWordLength3.png */; };
		B822CF0A1C390D0C0043905E /* OptButtonWordLength3Boxed.png in Resources */ = {isa = PBXBuildFile; fileRef = B822CF061C390D0C0043905E /* OptButtonWordLength3Boxed.png */; };
		B822CF0C1C390DA80043905E /* MMWOptionScreen.swift in Sources */ = {isa = PBXBuildFile; fileRef = B822CF0B1C390DA80043905E /* MMWOptionScreen.swift */; };
		B822E36F1C6BCE1800669422 /* LoadingBarBorder.png in Resources */ = {isa = PBXBuildFile; fileRef = B822E36B1C6BCE1800669422 /* LoadingBarBorder.png */; };
		B822E3701C6BCE1800669422 /* LoadingBarInside.png in Resources */ = {isa = PBXBuildFile; fileRef = B822E36C1C6BCE1800669422 /* LoadingBarInside.png */; };
		B822E3711C6BCE1800669422 /* LoadingBarInside@2x.png in Resources */ = {isa = PBXBuildFile; fileRef = B822E36D1C6BCE1800669422 /* LoadingBarInside@2x.png */; };
		B822E3721C6BCE1800669422 /* LoadingBarBorder@2x.png in Resources */ = {isa = PBXBuildFile; fileRef = B822E36E1C6BCE1800669422 /* LoadingBarBorder@2x.png */; };
		B82786151B05585D00916E20 /* Player.swift in Sources */ = {isa = PBXBuildFile; fileRef = B82786141B05585D00916E20 /* Player.swift */; };
		B82D68CA1C7C162C00FFFA1E /* offensive.txt in Resources */ = {isa = PBXBuildFile; fileRef = B82D68C91C7C162C00FFFA1E /* offensive.txt */; };
		B831B3611C65636B00D270F2 /* StringUtils.swift in Sources */ = {isa = PBXBuildFile; fileRef = B831B3601C65636B00D270F2 /* StringUtils.swift */; };
		B84738D41C0A3F20003B05BA /* tileCover@2x.png in Resources */ = {isa = PBXBuildFile; fileRef = B84738D31C0A3F20003B05BA /* tileCover@2x.png */; };
		B84738D81C0A482C003B05BA /* PlayerBG02Island@2x.png in Resources */ = {isa = PBXBuildFile; fileRef = B84738D71C0A482C003B05BA /* PlayerBG02Island@2x.png */; };
		B84738DA1C0A5305003B05BA /* player01.png in Resources */ = {isa = PBXBuildFile; fileRef = B84738D91C0A5305003B05BA /* player01.png */; };
		B84738DD1C0A5E47003B05BA /* player03.png in Resources */ = {isa = PBXBuildFile; fileRef = B84738DB1C0A5E47003B05BA /* player03.png */; };
		B84738DE1C0A5E47003B05BA /* player04.png in Resources */ = {isa = PBXBuildFile; fileRef = B84738DC1C0A5E47003B05BA /* player04.png */; };
		B85C72721C4F177400170B88 /* avatar000@2x.png in Resources */ = {isa = PBXBuildFile; fileRef = B85C726F1C4F177400170B88 /* avatar000@2x.png */; };
		B86233111C7CEB590030787E /* enable2kClean.txt in Resources */ = {isa = PBXBuildFile; fileRef = B86233101C7CEB590030787E /* enable2kClean.txt */; };
		B86233271C7F6EC20030787E /* meyama001@2x.png in Resources */ = {isa = PBXBuildFile; fileRef = B86233211C7F6EC20030787E /* meyama001@2x.png */; };
		B86233281C7F6EC20030787E /* meyama002@2x.png in Resources */ = {isa = PBXBuildFile; fileRef = B86233221C7F6EC20030787E /* meyama002@2x.png */; };
		B86233291C7F6EC20030787E /* meyama004@2x.png in Resources */ = {isa = PBXBuildFile; fileRef = B86233231C7F6EC20030787E /* meyama004@2x.png */; };
		B862332A1C7F6EC20030787E /* meyama000@2x.png in Resources */ = {isa = PBXBuildFile; fileRef = B86233241C7F6EC20030787E /* meyama000@2x.png */; };
		B862332B1C7F6EC20030787E /* meyama003@2x.png in Resources */ = {isa = PBXBuildFile; fileRef = B86233251C7F6EC20030787E /* meyama003@2x.png */; };
		B862332D1C7FCD4F0030787E /* avatar001@2x.png in Resources */ = {isa = PBXBuildFile; fileRef = B862332C1C7FCD4F0030787E /* avatar001@2x.png */; };
		B86233321C7FCD960030787E /* avatar002@2x.png in Resources */ = {isa = PBXBuildFile; fileRef = B862332E1C7FCD960030787E /* avatar002@2x.png */; };
		B86233331C7FCD960030787E /* avatar003@2x.png in Resources */ = {isa = PBXBuildFile; fileRef = B862332F1C7FCD960030787E /* avatar003@2x.png */; };
		B86233341C7FCD960030787E /* avatar004@2x.png in Resources */ = {isa = PBXBuildFile; fileRef = B86233301C7FCD960030787E /* avatar004@2x.png */; };
		B86233351C7FCD960030787E /* avatar005@2x.png in Resources */ = {isa = PBXBuildFile; fileRef = B86233311C7FCD960030787E /* avatar005@2x.png */; };
		B86233371C8644B90030787E /* WordListChoppedNoDupRaw.txt in Resources */ = {isa = PBXBuildFile; fileRef = B86233361C8644B90030787E /* WordListChoppedNoDupRaw.txt */; };
		B86233391C8649730030787E /* WordListChoppedNoDupClean.txt in Resources */ = {isa = PBXBuildFile; fileRef = B86233381C8649730030787E /* WordListChoppedNoDupClean.txt */; };
		B86530651BB7114F00A6A471 /* TrieTests.swift in Sources */ = {isa = PBXBuildFile; fileRef = B86530641BB7114F00A6A471 /* TrieTests.swift */; };
		B86AC8E61C4496140002A223 /* NewGameScreen.png in Resources */ = {isa = PBXBuildFile; fileRef = B86AC8E41C4496140002A223 /* NewGameScreen.png */; };
		B86AC8E71C4496140002A223 /* NewGameScreen@2x.png in Resources */ = {isa = PBXBuildFile; fileRef = B86AC8E51C4496140002A223 /* NewGameScreen@2x.png */; };
		B86E07ED1CAC86E4009C425D /* BG001@2x.png in Resources */ = {isa = PBXBuildFile; fileRef = B86E07E11CAC86E4009C425D /* BG001@2x.png */; };
		B86E07EE1CAC86E4009C425D /* BG002@2x.png in Resources */ = {isa = PBXBuildFile; fileRef = B86E07E21CAC86E4009C425D /* BG002@2x.png */; };
		B86E07EF1CAC86E4009C425D /* BG003@2x.png in Resources */ = {isa = PBXBuildFile; fileRef = B86E07E31CAC86E4009C425D /* BG003@2x.png */; };
		B86E07F01CAC86E4009C425D /* BG004@2x.png in Resources */ = {isa = PBXBuildFile; fileRef = B86E07E41CAC86E4009C425D /* BG004@2x.png */; };
		B86E07F11CAC86E4009C425D /* BG005@2x.png in Resources */ = {isa = PBXBuildFile; fileRef = B86E07E51CAC86E4009C425D /* BG005@2x.png */; };
		B86E07F21CAC86E4009C425D /* BG006@2x.png in Resources */ = {isa = PBXBuildFile; fileRef = B86E07E61CAC86E4009C425D /* BG006@2x.png */; };
		B86E07F31CAC86E4009C425D /* BG007@2x.png in Resources */ = {isa = PBXBuildFile; fileRef = B86E07E71CAC86E4009C425D /* BG007@2x.png */; };
		B86E07F41CAC86E4009C425D /* BG008@2x.png in Resources */ = {isa = PBXBuildFile; fileRef = B86E07E81CAC86E4009C425D /* BG008@2x.png */; };
		B86E07F51CAC86E4009C425D /* BGBlack@2x.png in Resources */ = {isa = PBXBuildFile; fileRef = B86E07E91CAC86E4009C425D /* BGBlack@2x.png */; };
		B86E07F61CAC86E4009C425D /* BGStripes@2x.png in Resources */ = {isa = PBXBuildFile; fileRef = B86E07EA1CAC86E4009C425D /* BGStripes@2x.png */; };
		B86E07F71CAC86E4009C425D /* PlayAreaWhite.png in Resources */ = {isa = PBXBuildFile; fileRef = B86E07EB1CAC86E4009C425D /* PlayAreaWhite.png */; };
		B86E07F81CAC86E4009C425D /* PlayAreaWhite@2x.png in Resources */ = {isa = PBXBuildFile; fileRef = B86E07EC1CAC86E4009C425D /* PlayAreaWhite@2x.png */; };
		B86E07FB1CAC86FC009C425D /* BG000@2x.png in Resources */ = {isa = PBXBuildFile; fileRef = B86E07F91CAC86FC009C425D /* BG000@2x.png */; };
		B86E07FC1CAC86FC009C425D /* BGStripesHole@2x.png in Resources */ = {isa = PBXBuildFile; fileRef = B86E07FA1CAC86FC009C425D /* BGStripesHole@2x.png */; };
		B87A49091C57F24B00621F6C /* RulesViewController.swift in Sources */ = {isa = PBXBuildFile; fileRef = B87A49081C57F24B00621F6C /* RulesViewController.swift */; };
		B87A490B1C5819D000621F6C /* MMWEndGameScene.swift in Sources */ = {isa = PBXBuildFile; fileRef = B87A490A1C5819D000621F6C /* MMWEndGameScene.swift */; };
		B87A49101C5844F400621F6C /* ResumeButton.png in Resources */ = {isa = PBXBuildFile; fileRef = B87A490C1C5844F400621F6C /* ResumeButton.png */; };
		B87A49111C5844F400621F6C /* ResumeButton@2x.png in Resources */ = {isa = PBXBuildFile; fileRef = B87A490D1C5844F400621F6C /* ResumeButton@2x.png */; };
		B87A49121C5844F400621F6C /* EndGameButton.png in Resources */ = {isa = PBXBuildFile; fileRef = B87A490E1C5844F400621F6C /* EndGameButton.png */; };
		B87A49131C5844F400621F6C /* EndGameButton@2x.png in Resources */ = {isa = PBXBuildFile; fileRef = B87A490F1C5844F400621F6C /* EndGameButton@2x.png */; };
		B881A5A31C3A0329005BFE27 /* optionScreen.xib in Resources */ = {isa = PBXBuildFile; fileRef = B881A5A21C3A0329005BFE27 /* optionScreen.xib */; };
		B88A58531BEAD859003E0957 /* bonk.mp3 in Resources */ = {isa = PBXBuildFile; fileRef = B88A58461BEAD859003E0957 /* bonk.mp3 */; };
		B88A58541BEAD859003E0957 /* pass.WAV in Resources */ = {isa = PBXBuildFile; fileRef = B88A58471BEAD859003E0957 /* pass.WAV */; };
		B88A58551BEAD859003E0957 /* points.WAV in Resources */ = {isa = PBXBuildFile; fileRef = B88A58481BEAD859003E0957 /* points.WAV */; };
		B88A58561BEAD859003E0957 /* badPlay.WAV in Resources */ = {isa = PBXBuildFile; fileRef = B88A58491BEAD859003E0957 /* badPlay.WAV */; };
		B88A58571BEAD859003E0957 /* MarkMyWordBGCleaniPad@2x.png in Resources */ = {isa = PBXBuildFile; fileRef = B88A584A1BEAD859003E0957 /* MarkMyWordBGCleaniPad@2x.png */; };
		B88A585A1BEAD859003E0957 /* MMWOptionsScreen.png in Resources */ = {isa = PBXBuildFile; fileRef = B88A584D1BEAD859003E0957 /* MMWOptionsScreen.png */; };
		B88A585B1BEAD859003E0957 /* NewTilesButton.png in Resources */ = {isa = PBXBuildFile; fileRef = B88A584E1BEAD859003E0957 /* NewTilesButton.png */; };
		B88A585C1BEAD859003E0957 /* OptionsButton.png in Resources */ = {isa = PBXBuildFile; fileRef = B88A584F1BEAD859003E0957 /* OptionsButton.png */; };
		B88A585D1BEAD859003E0957 /* PassButton.png in Resources */ = {isa = PBXBuildFile; fileRef = B88A58501BEAD859003E0957 /* PassButton.png */; };
		B88A585E1BEAD859003E0957 /* PauseButton.png in Resources */ = {isa = PBXBuildFile; fileRef = B88A58511BEAD859003E0957 /* PauseButton.png */; };
		B88A585F1BEAD859003E0957 /* PlayButton.png in Resources */ = {isa = PBXBuildFile; fileRef = B88A58521BEAD859003E0957 /* PlayButton.png */; };
		B88A58611BEAD951003E0957 /* PlayerBG.png in Resources */ = {isa = PBXBuildFile; fileRef = B88A58601BEAD951003E0957 /* PlayerBG.png */; };
		B88A58641BEAD969003E0957 /* MMWPlayerTilesGrid.png in Resources */ = {isa = PBXBuildFile; fileRef = B88A58621BEAD969003E0957 /* MMWPlayerTilesGrid.png */; };
		B88A58651BEAD969003E0957 /* MMWPlayerTilesPlaque@2x.png in Resources */ = {isa = PBXBuildFile; fileRef = B88A58631BEAD969003E0957 /* MMWPlayerTilesPlaque@2x.png */; };
		B88A58671BEAD978003E0957 /* player02.png in Resources */ = {isa = PBXBuildFile; fileRef = B88A58661BEAD978003E0957 /* player02.png */; };
		B88A586C1BEADA46003E0957 /* Tile3DGlow.png in Resources */ = {isa = PBXBuildFile; fileRef = B88A586B1BEADA46003E0957 /* Tile3DGlow.png */; };
		B88A586E1BEADA57003E0957 /* Tile3DBack.png in Resources */ = {isa = PBXBuildFile; fileRef = B88A586D1BEADA57003E0957 /* Tile3DBack.png */; };
		B88A58701BEADA6F003E0957 /* TileShadow.png in Resources */ = {isa = PBXBuildFile; fileRef = B88A586F1BEADA6F003E0957 /* TileShadow.png */; };
		B891045F1C97A4E20045102F /* BGBlack@2x.png in Resources */ = {isa = PBXBuildFile; fileRef = B891045E1C97A4E20045102F /* BGBlack@2x.png */; };
		B89719CF1C34E1D6005BE647 /* gridHighlightHorizontal.png in Resources */ = {isa = PBXBuildFile; fileRef = B89719CE1C34E1D6005BE647 /* gridHighlightHorizontal.png */; };
		B89719D11C34F687005BE647 /* SmallSquare.png in Resources */ = {isa = PBXBuildFile; fileRef = B89719D01C34F687005BE647 /* SmallSquare.png */; };
		B89E50611C69C29800C18F1C /* AdSupport.framework in Frameworks */ = {isa = PBXBuildFile; fileRef = B89E50601C69C29800C18F1C /* AdSupport.framework */; };
		B89E50631C69C2A200C18F1C /* AudioToolbox.framework in Frameworks */ = {isa = PBXBuildFile; fileRef = B89E50621C69C2A200C18F1C /* AudioToolbox.framework */; };
		B89E50651C69C2A900C18F1C /* AVFoundation.framework in Frameworks */ = {isa = PBXBuildFile; fileRef = B89E50641C69C2A900C18F1C /* AVFoundation.framework */; };
		B89E50671C69C2B200C18F1C /* CoreGraphics.framework in Frameworks */ = {isa = PBXBuildFile; fileRef = B89E50661C69C2B200C18F1C /* CoreGraphics.framework */; };
		B89E50691C69C2BD00C18F1C /* CoreTelephony.framework in Frameworks */ = {isa = PBXBuildFile; fileRef = B89E50681C69C2BD00C18F1C /* CoreTelephony.framework */; };
		B89E506B1C69C2C900C18F1C /* EventKit.framework in Frameworks */ = {isa = PBXBuildFile; fileRef = B89E506A1C69C2C900C18F1C /* EventKit.framework */; };
		B89E506D1C69C2D000C18F1C /* EventKitUI.framework in Frameworks */ = {isa = PBXBuildFile; fileRef = B89E506C1C69C2D000C18F1C /* EventKitUI.framework */; };
		B89E506F1C69C2E400C18F1C /* MessageUI.framework in Frameworks */ = {isa = PBXBuildFile; fileRef = B89E506E1C69C2E400C18F1C /* MessageUI.framework */; };
		B89E50731C69C2F500C18F1C /* SystemConfiguration.framework in Frameworks */ = {isa = PBXBuildFile; fileRef = B89E50721C69C2F500C18F1C /* SystemConfiguration.framework */; };
		B8A455161AF15A1400C0D83B /* MainMenuScene.swift in Sources */ = {isa = PBXBuildFile; fileRef = B8A455141AF15A1400C0D83B /* MainMenuScene.swift */; };
		B8A455171AF15A1400C0D83B /* GameViewController.swift in Sources */ = {isa = PBXBuildFile; fileRef = B8A455151AF15A1400C0D83B /* GameViewController.swift */; };
		B8AA6C081B2A481600DEAC41 /* MMWTileBuilder.swift in Sources */ = {isa = PBXBuildFile; fileRef = B8AA6C071B2A481600DEAC41 /* MMWTileBuilder.swift */; };
		B8B0C5291C96043E00226CC8 /* GameGridCover.png in Resources */ = {isa = PBXBuildFile; fileRef = B8B0C5271C96043E00226CC8 /* GameGridCover.png */; };
		B8B0C52A1C96043E00226CC8 /* GameGridCover@2x.png in Resources */ = {isa = PBXBuildFile; fileRef = B8B0C5281C96043E00226CC8 /* GameGridCover@2x.png */; };
		B8B2CACC1ADADD9100C9DEE7 /* 5-LetterWords.txt in Resources */ = {isa = PBXBuildFile; fileRef = B8B2CA871ADADD9000C9DEE7 /* 5-LetterWords.txt */; };
		B8B49DBB1AF1AF610086154C /* MMWResultsScene.swift in Sources */ = {isa = PBXBuildFile; fileRef = B8B49DBA1AF1AF610086154C /* MMWResultsScene.swift */; };
		B8B5E1EA1BB707FC00AD876E /* TrieElement.swift in Sources */ = {isa = PBXBuildFile; fileRef = B8B5E1E91BB707FC00AD876E /* TrieElement.swift */; };
		B8C0860C1C55A532008F8E40 /* EndGameSceneController.swift in Sources */ = {isa = PBXBuildFile; fileRef = B8C0860A1C55A532008F8E40 /* EndGameSceneController.swift */; };
		B8C0860D1C55A532008F8E40 /* EndGameScene.xib in Resources */ = {isa = PBXBuildFile; fileRef = B8C0860B1C55A532008F8E40 /* EndGameScene.xib */; };
		B8C0860F1C55A9A1008F8E40 /* EndGameScene.swift in Sources */ = {isa = PBXBuildFile; fileRef = B8C0860E1C55A9A1008F8E40 /* EndGameScene.swift */; };
		B8C14EF11AF27E5100E640C0 /* LetterTileSprite.swift in Sources */ = {isa = PBXBuildFile; fileRef = B8C14EF01AF27E5100E640C0 /* LetterTileSprite.swift */; };
		B8CB742F1AF9260400AE5F40 /* Grid.swift in Sources */ = {isa = PBXBuildFile; fileRef = B8CB742E1AF9260400AE5F40 /* Grid.swift */; };
		B8CCE1A21AD8C13500882391 /* AppDelegate.swift in Sources */ = {isa = PBXBuildFile; fileRef = B8CCE1A11AD8C13500882391 /* AppDelegate.swift */; };
		B8CCE1A41AD8C13500882391 /* GameScene.sks in Resources */ = {isa = PBXBuildFile; fileRef = B8CCE1A31AD8C13500882391 /* GameScene.sks */; };
		B8CCE1A61AD8C13500882391 /* MMWGameScene.swift in Sources */ = {isa = PBXBuildFile; fileRef = B8CCE1A51AD8C13500882391 /* MMWGameScene.swift */; };
		B8CCE1A81AD8C13500882391 /* MMWGameSceneViewController.swift in Sources */ = {isa = PBXBuildFile; fileRef = B8CCE1A71AD8C13500882391 /* MMWGameSceneViewController.swift */; };
		B8CCE1AB1AD8C13500882391 /* Main.storyboard in Resources */ = {isa = PBXBuildFile; fileRef = B8CCE1A91AD8C13500882391 /* Main.storyboard */; };
		B8CCE1AD1AD8C13500882391 /* Images.xcassets in Resources */ = {isa = PBXBuildFile; fileRef = B8CCE1AC1AD8C13500882391 /* Images.xcassets */; };
		B8CCE1B01AD8C13500882391 /* LaunchScreen.xib in Resources */ = {isa = PBXBuildFile; fileRef = B8CCE1AE1AD8C13500882391 /* LaunchScreen.xib */; };
		B8CCE1BC1AD8C13500882391 /* MarkMyWordTests.swift in Sources */ = {isa = PBXBuildFile; fileRef = B8CCE1BB1AD8C13500882391 /* MarkMyWordTests.swift */; };
		B8D130E71AFD635500865982 /* PlayerView.swift in Sources */ = {isa = PBXBuildFile; fileRef = B8D130E61AFD635500865982 /* PlayerView.swift */; };
		B8D789281B0C3A0300C3DC36 /* MMWGame.swift in Sources */ = {isa = PBXBuildFile; fileRef = B8D789271B0C3A0300C3DC36 /* MMWGame.swift */; };
		B8DFE1561C29F288009FB8ED /* OptionsButton@2x.png in Resources */ = {isa = PBXBuildFile; fileRef = B8DFE1541C29F288009FB8ED /* OptionsButton@2x.png */; };
		B8DFE1571C29F288009FB8ED /* OptionsButton@3x.png in Resources */ = {isa = PBXBuildFile; fileRef = B8DFE1551C29F288009FB8ED /* OptionsButton@3x.png */; };
		B8DFE1591C2A0BEE009FB8ED /* GameGrid.png in Resources */ = {isa = PBXBuildFile; fileRef = B8DFE1581C2A0BEE009FB8ED /* GameGrid.png */; };
		B8DFE15C1C2A0E60009FB8ED /* GameGrid@2x.png in Resources */ = {isa = PBXBuildFile; fileRef = B8DFE15A1C2A0E60009FB8ED /* GameGrid@2x.png */; };
		B8DFE15D1C2A0E60009FB8ED /* GameGrid@3x.png in Resources */ = {isa = PBXBuildFile; fileRef = B8DFE15B1C2A0E60009FB8ED /* GameGrid@3x.png */; };
		B8DFE15F1C2A11A5009FB8ED /* MarkMyWordBGCleaniPad.png in Resources */ = {isa = PBXBuildFile; fileRef = B8DFE15E1C2A11A5009FB8ED /* MarkMyWordBGCleaniPad.png */; };
		B8DFE1611C2B0DE9009FB8ED /* Tile3D@iPadPro.png in Resources */ = {isa = PBXBuildFile; fileRef = B8DFE1601C2B0DE9009FB8ED /* Tile3D@iPadPro.png */; };
		B8DFE1631C2B377D009FB8ED /* GameGrid@iPadPro.png in Resources */ = {isa = PBXBuildFile; fileRef = B8DFE1621C2B377D009FB8ED /* GameGrid@iPadPro.png */; };
		B8E874E61AE17E0000763849 /* MMWTile.swift in Sources */ = {isa = PBXBuildFile; fileRef = B8E874E51AE17E0000763849 /* MMWTile.swift */; };
		B8F3F2181C33665F00A38BB7 /* WordSet.swift in Sources */ = {isa = PBXBuildFile; fileRef = B8F3F2161C33665F00A38BB7 /* WordSet.swift */; };
		B8F3F2191C33665F00A38BB7 /* WordSetError.swift in Sources */ = {isa = PBXBuildFile; fileRef = B8F3F2171C33665F00A38BB7 /* WordSetError.swift */; };
		B8FA8FA21AE9DC93007CF07C /* GameData.swift in Sources */ = {isa = PBXBuildFile; fileRef = B8FA8FA11AE9DC93007CF07C /* GameData.swift */; };
		B8FA8FA71AE9DD7F007CF07C /* particle.png in Resources */ = {isa = PBXBuildFile; fileRef = B8FA8FA61AE9DD7F007CF07C /* particle.png */; };
		B8FA8FA91AE9DDB5007CF07C /* Config.swift in Sources */ = {isa = PBXBuildFile; fileRef = B8FA8FA81AE9DDB5007CF07C /* Config.swift */; };
		B8FB376F1C28D56700C68434 /* codeSnippets in Resources */ = {isa = PBXBuildFile; fileRef = B8FB376E1C28D56700C68434 /* codeSnippets */; };
		B8FB37741C28F79F00C68434 /* Tile3D@2x.png in Resources */ = {isa = PBXBuildFile; fileRef = B8FB37721C28F79E00C68434 /* Tile3D@2x.png */; };
		B8FB37751C28F79F00C68434 /* Tile3D@3x.png in Resources */ = {isa = PBXBuildFile; fileRef = B8FB37731C28F79F00C68434 /* Tile3D@3x.png */; };
		B8FB37771C28F7CC00C68434 /* Tile3D.png in Resources */ = {isa = PBXBuildFile; fileRef = B8FB37761C28F7CC00C68434 /* Tile3D.png */; };
		B8FFF25E1BE96E2E006D2010 /* MagicParticle.sks in Resources */ = {isa = PBXBuildFile; fileRef = B8FFF25C1BE96E2E006D2010 /* MagicParticle.sks */; };
		B8FFF25F1BE96E2E006D2010 /* spark.png in Resources */ = {isa = PBXBuildFile; fileRef = B8FFF25D1BE96E2E006D2010 /* spark.png */; };
/* End PBXBuildFile section */

/* Begin PBXContainerItemProxy section */
		B8CCE1B61AD8C13500882391 /* PBXContainerItemProxy */ = {
			isa = PBXContainerItemProxy;
			containerPortal = B8CCE1941AD8C13500882391 /* Project object */;
			proxyType = 1;
			remoteGlobalIDString = B8CCE19B1AD8C13500882391;
			remoteInfo = MarkMyWord;
		};
/* End PBXContainerItemProxy section */

/* Begin PBXFileReference section */
		B80057571C3C8D2D00185769 /* OptionsUISceneViewController.swift */ = {isa = PBXFileReference; fileEncoding = 4; lastKnownFileType = sourcecode.swift; path = OptionsUISceneViewController.swift; sourceTree = "<group>"; };
		B800575B1C3C8D8900185769 /* EndGameUIView.swift */ = {isa = PBXFileReference; fileEncoding = 4; lastKnownFileType = sourcecode.swift; path = EndGameUIView.swift; sourceTree = "<group>"; };
		B800575D1C3D7E4600185769 /* MMWBG.png */ = {isa = PBXFileReference; lastKnownFileType = image.png; path = MMWBG.png; sourceTree = "<group>"; };
		B800575F1C3D827500185769 /* MMWOptionsScreen@2x.png */ = {isa = PBXFileReference; lastKnownFileType = image.png; path = "MMWOptionsScreen@2x.png"; sourceTree = "<group>"; };
		B80327FE1C0CD22E0002665F /* CoreData.framework */ = {isa = PBXFileReference; lastKnownFileType = wrapper.framework; name = CoreData.framework; path = System/Library/Frameworks/CoreData.framework; sourceTree = SDKROOT; };
		B80757211C3ED01600E59EF4 /* MMWResumeButton@2x.png */ = {isa = PBXFileReference; lastKnownFileType = image.png; path = "MMWResumeButton@2x.png"; sourceTree = "<group>"; };
		B808A42D1B9A0C000070A1A6 /* Trie.swift */ = {isa = PBXFileReference; fileEncoding = 4; lastKnownFileType = sourcecode.swift; path = Trie.swift; sourceTree = "<group>"; };
		B809D41D1C90D16D0091B9F0 /* avatar006@2x.png */ = {isa = PBXFileReference; lastKnownFileType = image.png; path = "avatar006@2x.png"; sourceTree = "<group>"; };
		B809D41F1C90D1890091B9F0 /* meyama005@2x.png */ = {isa = PBXFileReference; lastKnownFileType = image.png; path = "meyama005@2x.png"; sourceTree = "<group>"; };
		B809D4211C90D1B70091B9F0 /* meyama006@2x.png */ = {isa = PBXFileReference; lastKnownFileType = image.png; path = "meyama006@2x.png"; sourceTree = "<group>"; };
		B812D01E1BEAFE5100058683 /* 30Showdown.m4a */ = {isa = PBXFileReference; lastKnownFileType = file; path = 30Showdown.m4a; sourceTree = "<group>"; };
		B81CF1371C12203400F5261D /* Model.xcdatamodel */ = {isa = PBXFileReference; lastKnownFileType = wrapper.xcdatamodel; path = Model.xcdatamodel; sourceTree = "<group>"; };
		B81CF13B1C12207A00F5261D /* CDHelper.swift */ = {isa = PBXFileReference; fileEncoding = 4; lastKnownFileType = sourcecode.swift; path = CDHelper.swift; sourceTree = "<group>"; };
		B81CF14E1C123D5C00F5261D /* TrieData+CoreDataProperties.swift */ = {isa = PBXFileReference; fileEncoding = 4; lastKnownFileType = sourcecode.swift; path = "TrieData+CoreDataProperties.swift"; sourceTree = "<group>"; };
		B81CF14F1C123D5C00F5261D /* TrieData.swift */ = {isa = PBXFileReference; fileEncoding = 4; lastKnownFileType = sourcecode.swift; path = TrieData.swift; sourceTree = "<group>"; };
		B81CF15A1C12485200F5261D /* GameState+CoreDataProperties.swift */ = {isa = PBXFileReference; fileEncoding = 4; lastKnownFileType = sourcecode.swift; path = "GameState+CoreDataProperties.swift"; sourceTree = "<group>"; };
		B81CF15B1C12485200F5261D /* GameState.swift */ = {isa = PBXFileReference; fileEncoding = 4; lastKnownFileType = sourcecode.swift; path = GameState.swift; sourceTree = "<group>"; };
		B81CF15E1C1249A100F5261D /* Item+CoreDataProperties.swift */ = {isa = PBXFileReference; fileEncoding = 4; lastKnownFileType = sourcecode.swift; path = "Item+CoreDataProperties.swift"; sourceTree = "<group>"; };
		B81CF15F1C1249A100F5261D /* Item.swift */ = {isa = PBXFileReference; fileEncoding = 4; lastKnownFileType = sourcecode.swift; path = Item.swift; sourceTree = "<group>"; };
		B820241E1B65BFD0004E413A /* StreamReader.swift */ = {isa = PBXFileReference; fileEncoding = 4; lastKnownFileType = sourcecode.swift; path = StreamReader.swift; sourceTree = "<group>"; };
		B822CEE21C38864D0043905E /* PauseButton@2x.png */ = {isa = PBXFileReference; lastKnownFileType = image.png; path = "PauseButton@2x.png"; sourceTree = "<group>"; };
		B822CEE31C38864D0043905E /* PauseButton@3x.png */ = {isa = PBXFileReference; lastKnownFileType = image.png; path = "PauseButton@3x.png"; sourceTree = "<group>"; };
		B822CEE61C3886560043905E /* PassButton@2x.png */ = {isa = PBXFileReference; lastKnownFileType = image.png; path = "PassButton@2x.png"; sourceTree = "<group>"; };
		B822CEE71C3886560043905E /* PassButton@3x.png */ = {isa = PBXFileReference; lastKnownFileType = image.png; path = "PassButton@3x.png"; sourceTree = "<group>"; };
		B822CEEA1C38880B0043905E /* NewTilesButton@2x.png */ = {isa = PBXFileReference; lastKnownFileType = image.png; path = "NewTilesButton@2x.png"; sourceTree = "<group>"; };
		B822CEEB1C38880B0043905E /* NewTilesButton@3x.png */ = {isa = PBXFileReference; lastKnownFileType = image.png; path = "NewTilesButton@3x.png"; sourceTree = "<group>"; };
		B822CEEE1C388AE10043905E /* PlayerBG02Island.png */ = {isa = PBXFileReference; lastKnownFileType = image.png; path = PlayerBG02Island.png; sourceTree = "<group>"; };
		B822CEF01C388B150043905E /* PlayerBG02Island@3x.png */ = {isa = PBXFileReference; lastKnownFileType = image.png; path = "PlayerBG02Island@3x.png"; sourceTree = "<group>"; };
		B822CEF21C388ED70043905E /* MMWPlayerTilesGrid@2x.png */ = {isa = PBXFileReference; lastKnownFileType = image.png; path = "MMWPlayerTilesGrid@2x.png"; sourceTree = "<group>"; };
		B822CEF41C388F230043905E /* tileCover.png */ = {isa = PBXFileReference; lastKnownFileType = image.png; path = tileCover.png; sourceTree = "<group>"; };
		B822CEF61C388F530043905E /* MMWPlayerTilesPlaque.png */ = {isa = PBXFileReference; lastKnownFileType = image.png; path = MMWPlayerTilesPlaque.png; sourceTree = "<group>"; };
		B822CEFA1C3892640043905E /* playerGridGlowTex.png */ = {isa = PBXFileReference; lastKnownFileType = image.png; path = playerGridGlowTex.png; sourceTree = "<group>"; };
		B822CEFB1C3892640043905E /* playerGridGlowTex@2x.png */ = {isa = PBXFileReference; lastKnownFileType = image.png; path = "playerGridGlowTex@2x.png"; sourceTree = "<group>"; };
		B822CEFC1C3892640043905E /* playerGridGlowTex@3x.png */ = {isa = PBXFileReference; lastKnownFileType = image.png; path = "playerGridGlowTex@3x.png"; sourceTree = "<group>"; };
		B822CF001C38ABCF0043905E /* tileCover@3x.png */ = {isa = PBXFileReference; lastKnownFileType = image.png; path = "tileCover@3x.png"; sourceTree = "<group>"; };
		B822CF031C390D0C0043905E /* OptButtonWordLength2.png */ = {isa = PBXFileReference; lastKnownFileType = image.png; path = OptButtonWordLength2.png; sourceTree = "<group>"; };
		B822CF041C390D0C0043905E /* OptButtonWordLength2Boxed.png */ = {isa = PBXFileReference; lastKnownFileType = image.png; path = OptButtonWordLength2Boxed.png; sourceTree = "<group>"; };
		B822CF051C390D0C0043905E /* OptButtonWordLength3.png */ = {isa = PBXFileReference; lastKnownFileType = image.png; path = OptButtonWordLength3.png; sourceTree = "<group>"; };
		B822CF061C390D0C0043905E /* OptButtonWordLength3Boxed.png */ = {isa = PBXFileReference; lastKnownFileType = image.png; path = OptButtonWordLength3Boxed.png; sourceTree = "<group>"; };
		B822CF0B1C390DA80043905E /* MMWOptionScreen.swift */ = {isa = PBXFileReference; fileEncoding = 4; lastKnownFileType = sourcecode.swift; path = MMWOptionScreen.swift; sourceTree = "<group>"; };
		B822E36B1C6BCE1800669422 /* LoadingBarBorder.png */ = {isa = PBXFileReference; lastKnownFileType = image.png; path = LoadingBarBorder.png; sourceTree = "<group>"; };
		B822E36C1C6BCE1800669422 /* LoadingBarInside.png */ = {isa = PBXFileReference; lastKnownFileType = image.png; path = LoadingBarInside.png; sourceTree = "<group>"; };
		B822E36D1C6BCE1800669422 /* LoadingBarInside@2x.png */ = {isa = PBXFileReference; lastKnownFileType = image.png; path = "LoadingBarInside@2x.png"; sourceTree = "<group>"; };
		B822E36E1C6BCE1800669422 /* LoadingBarBorder@2x.png */ = {isa = PBXFileReference; lastKnownFileType = image.png; path = "LoadingBarBorder@2x.png"; sourceTree = "<group>"; };
		B82786141B05585D00916E20 /* Player.swift */ = {isa = PBXFileReference; fileEncoding = 4; lastKnownFileType = sourcecode.swift; path = Player.swift; sourceTree = "<group>"; };
		B82D68C91C7C162C00FFFA1E /* offensive.txt */ = {isa = PBXFileReference; fileEncoding = 4; lastKnownFileType = text; path = offensive.txt; sourceTree = "<group>"; };
		B831B3601C65636B00D270F2 /* StringUtils.swift */ = {isa = PBXFileReference; fileEncoding = 4; lastKnownFileType = sourcecode.swift; path = StringUtils.swift; sourceTree = "<group>"; };
		B84738D31C0A3F20003B05BA /* tileCover@2x.png */ = {isa = PBXFileReference; lastKnownFileType = image.png; path = "tileCover@2x.png"; sourceTree = "<group>"; };
		B84738D71C0A482C003B05BA /* PlayerBG02Island@2x.png */ = {isa = PBXFileReference; lastKnownFileType = image.png; path = "PlayerBG02Island@2x.png"; sourceTree = "<group>"; };
		B84738D91C0A5305003B05BA /* player01.png */ = {isa = PBXFileReference; lastKnownFileType = image.png; path = player01.png; sourceTree = "<group>"; };
		B84738DB1C0A5E47003B05BA /* player03.png */ = {isa = PBXFileReference; lastKnownFileType = image.png; path = player03.png; sourceTree = "<group>"; };
		B84738DC1C0A5E47003B05BA /* player04.png */ = {isa = PBXFileReference; lastKnownFileType = image.png; path = player04.png; sourceTree = "<group>"; };
		B85C726F1C4F177400170B88 /* avatar000@2x.png */ = {isa = PBXFileReference; lastKnownFileType = image.png; path = "avatar000@2x.png"; sourceTree = "<group>"; };
		B86233101C7CEB590030787E /* enable2kClean.txt */ = {isa = PBXFileReference; fileEncoding = 4; lastKnownFileType = text; path = enable2kClean.txt; sourceTree = "<group>"; };
		B86233211C7F6EC20030787E /* meyama001@2x.png */ = {isa = PBXFileReference; lastKnownFileType = image.png; path = "meyama001@2x.png"; sourceTree = "<group>"; };
		B86233221C7F6EC20030787E /* meyama002@2x.png */ = {isa = PBXFileReference; lastKnownFileType = image.png; path = "meyama002@2x.png"; sourceTree = "<group>"; };
		B86233231C7F6EC20030787E /* meyama004@2x.png */ = {isa = PBXFileReference; lastKnownFileType = image.png; path = "meyama004@2x.png"; sourceTree = "<group>"; };
		B86233241C7F6EC20030787E /* meyama000@2x.png */ = {isa = PBXFileReference; lastKnownFileType = image.png; path = "meyama000@2x.png"; sourceTree = "<group>"; };
		B86233251C7F6EC20030787E /* meyama003@2x.png */ = {isa = PBXFileReference; lastKnownFileType = image.png; path = "meyama003@2x.png"; sourceTree = "<group>"; };
		B862332C1C7FCD4F0030787E /* avatar001@2x.png */ = {isa = PBXFileReference; lastKnownFileType = image.png; path = "avatar001@2x.png"; sourceTree = "<group>"; };
		B862332E1C7FCD960030787E /* avatar002@2x.png */ = {isa = PBXFileReference; lastKnownFileType = image.png; path = "avatar002@2x.png"; sourceTree = "<group>"; };
		B862332F1C7FCD960030787E /* avatar003@2x.png */ = {isa = PBXFileReference; lastKnownFileType = image.png; path = "avatar003@2x.png"; sourceTree = "<group>"; };
		B86233301C7FCD960030787E /* avatar004@2x.png */ = {isa = PBXFileReference; lastKnownFileType = image.png; path = "avatar004@2x.png"; sourceTree = "<group>"; };
		B86233311C7FCD960030787E /* avatar005@2x.png */ = {isa = PBXFileReference; lastKnownFileType = image.png; path = "avatar005@2x.png"; sourceTree = "<group>"; };
		B86233361C8644B90030787E /* WordListChoppedNoDupRaw.txt */ = {isa = PBXFileReference; fileEncoding = 4; lastKnownFileType = text; path = WordListChoppedNoDupRaw.txt; sourceTree = "<group>"; };
		B86233381C8649730030787E /* WordListChoppedNoDupClean.txt */ = {isa = PBXFileReference; fileEncoding = 4; lastKnownFileType = text; path = WordListChoppedNoDupClean.txt; sourceTree = "<group>"; };
		B86530641BB7114F00A6A471 /* TrieTests.swift */ = {isa = PBXFileReference; fileEncoding = 4; lastKnownFileType = sourcecode.swift; path = TrieTests.swift; sourceTree = "<group>"; };
		B86AC8E41C4496140002A223 /* NewGameScreen.png */ = {isa = PBXFileReference; lastKnownFileType = image.png; path = NewGameScreen.png; sourceTree = "<group>"; };
		B86AC8E51C4496140002A223 /* NewGameScreen@2x.png */ = {isa = PBXFileReference; lastKnownFileType = image.png; path = "NewGameScreen@2x.png"; sourceTree = "<group>"; };
		B86E07E11CAC86E4009C425D /* BG001@2x.png */ = {isa = PBXFileReference; lastKnownFileType = image.png; path = "BG001@2x.png"; sourceTree = "<group>"; };
		B86E07E21CAC86E4009C425D /* BG002@2x.png */ = {isa = PBXFileReference; lastKnownFileType = image.png; path = "BG002@2x.png"; sourceTree = "<group>"; };
		B86E07E31CAC86E4009C425D /* BG003@2x.png */ = {isa = PBXFileReference; lastKnownFileType = image.png; path = "BG003@2x.png"; sourceTree = "<group>"; };
		B86E07E41CAC86E4009C425D /* BG004@2x.png */ = {isa = PBXFileReference; lastKnownFileType = image.png; path = "BG004@2x.png"; sourceTree = "<group>"; };
		B86E07E51CAC86E4009C425D /* BG005@2x.png */ = {isa = PBXFileReference; lastKnownFileType = image.png; path = "BG005@2x.png"; sourceTree = "<group>"; };
		B86E07E61CAC86E4009C425D /* BG006@2x.png */ = {isa = PBXFileReference; lastKnownFileType = image.png; path = "BG006@2x.png"; sourceTree = "<group>"; };
		B86E07E71CAC86E4009C425D /* BG007@2x.png */ = {isa = PBXFileReference; lastKnownFileType = image.png; path = "BG007@2x.png"; sourceTree = "<group>"; };
		B86E07E81CAC86E4009C425D /* BG008@2x.png */ = {isa = PBXFileReference; lastKnownFileType = image.png; path = "BG008@2x.png"; sourceTree = "<group>"; };
		B86E07E91CAC86E4009C425D /* BGBlack@2x.png */ = {isa = PBXFileReference; lastKnownFileType = image.png; path = "BGBlack@2x.png"; sourceTree = "<group>"; };
		B86E07EA1CAC86E4009C425D /* BGStripes@2x.png */ = {isa = PBXFileReference; lastKnownFileType = image.png; path = "BGStripes@2x.png"; sourceTree = "<group>"; };
		B86E07EB1CAC86E4009C425D /* PlayAreaWhite.png */ = {isa = PBXFileReference; lastKnownFileType = image.png; path = PlayAreaWhite.png; sourceTree = "<group>"; };
		B86E07EC1CAC86E4009C425D /* PlayAreaWhite@2x.png */ = {isa = PBXFileReference; lastKnownFileType = image.png; path = "PlayAreaWhite@2x.png"; sourceTree = "<group>"; };
		B86E07F91CAC86FC009C425D /* BG000@2x.png */ = {isa = PBXFileReference; lastKnownFileType = image.png; path = "BG000@2x.png"; sourceTree = "<group>"; };
		B86E07FA1CAC86FC009C425D /* BGStripesHole@2x.png */ = {isa = PBXFileReference; lastKnownFileType = image.png; path = "BGStripesHole@2x.png"; sourceTree = "<group>"; };
		B87A49081C57F24B00621F6C /* RulesViewController.swift */ = {isa = PBXFileReference; fileEncoding = 4; lastKnownFileType = sourcecode.swift; path = RulesViewController.swift; sourceTree = "<group>"; };
		B87A490A1C5819D000621F6C /* MMWEndGameScene.swift */ = {isa = PBXFileReference; fileEncoding = 4; lastKnownFileType = sourcecode.swift; path = MMWEndGameScene.swift; sourceTree = "<group>"; };
		B87A490C1C5844F400621F6C /* ResumeButton.png */ = {isa = PBXFileReference; lastKnownFileType = image.png; path = ResumeButton.png; sourceTree = "<group>"; };
		B87A490D1C5844F400621F6C /* ResumeButton@2x.png */ = {isa = PBXFileReference; lastKnownFileType = image.png; path = "ResumeButton@2x.png"; sourceTree = "<group>"; };
		B87A490E1C5844F400621F6C /* EndGameButton.png */ = {isa = PBXFileReference; lastKnownFileType = image.png; path = EndGameButton.png; sourceTree = "<group>"; };
		B87A490F1C5844F400621F6C /* EndGameButton@2x.png */ = {isa = PBXFileReference; lastKnownFileType = image.png; path = "EndGameButton@2x.png"; sourceTree = "<group>"; };
		B881A5A21C3A0329005BFE27 /* optionScreen.xib */ = {isa = PBXFileReference; fileEncoding = 4; lastKnownFileType = file.xib; path = optionScreen.xib; sourceTree = "<group>"; };
		B88A58461BEAD859003E0957 /* bonk.mp3 */ = {isa = PBXFileReference; lastKnownFileType = audio.mp3; path = bonk.mp3; sourceTree = "<group>"; };
		B88A58471BEAD859003E0957 /* pass.WAV */ = {isa = PBXFileReference; lastKnownFileType = audio.wav; path = pass.WAV; sourceTree = "<group>"; };
		B88A58481BEAD859003E0957 /* points.WAV */ = {isa = PBXFileReference; lastKnownFileType = audio.wav; path = points.WAV; sourceTree = "<group>"; };
		B88A58491BEAD859003E0957 /* badPlay.WAV */ = {isa = PBXFileReference; lastKnownFileType = audio.wav; path = badPlay.WAV; sourceTree = "<group>"; };
		B88A584A1BEAD859003E0957 /* MarkMyWordBGCleaniPad@2x.png */ = {isa = PBXFileReference; lastKnownFileType = image.png; path = "MarkMyWordBGCleaniPad@2x.png"; sourceTree = "<group>"; };
		B88A584D1BEAD859003E0957 /* MMWOptionsScreen.png */ = {isa = PBXFileReference; lastKnownFileType = image.png; path = MMWOptionsScreen.png; sourceTree = "<group>"; };
		B88A584E1BEAD859003E0957 /* NewTilesButton.png */ = {isa = PBXFileReference; lastKnownFileType = image.png; path = NewTilesButton.png; sourceTree = "<group>"; };
		B88A584F1BEAD859003E0957 /* OptionsButton.png */ = {isa = PBXFileReference; lastKnownFileType = image.png; path = OptionsButton.png; sourceTree = "<group>"; };
		B88A58501BEAD859003E0957 /* PassButton.png */ = {isa = PBXFileReference; lastKnownFileType = image.png; path = PassButton.png; sourceTree = "<group>"; };
		B88A58511BEAD859003E0957 /* PauseButton.png */ = {isa = PBXFileReference; lastKnownFileType = image.png; path = PauseButton.png; sourceTree = "<group>"; };
		B88A58521BEAD859003E0957 /* PlayButton.png */ = {isa = PBXFileReference; lastKnownFileType = image.png; path = PlayButton.png; sourceTree = "<group>"; };
		B88A58601BEAD951003E0957 /* PlayerBG.png */ = {isa = PBXFileReference; lastKnownFileType = image.png; path = PlayerBG.png; sourceTree = "<group>"; };
		B88A58621BEAD969003E0957 /* MMWPlayerTilesGrid.png */ = {isa = PBXFileReference; lastKnownFileType = image.png; path = MMWPlayerTilesGrid.png; sourceTree = "<group>"; };
		B88A58631BEAD969003E0957 /* MMWPlayerTilesPlaque@2x.png */ = {isa = PBXFileReference; lastKnownFileType = image.png; path = "MMWPlayerTilesPlaque@2x.png"; sourceTree = "<group>"; };
		B88A58661BEAD978003E0957 /* player02.png */ = {isa = PBXFileReference; lastKnownFileType = image.png; path = player02.png; sourceTree = "<group>"; };
		B88A586B1BEADA46003E0957 /* Tile3DGlow.png */ = {isa = PBXFileReference; lastKnownFileType = image.png; path = Tile3DGlow.png; sourceTree = "<group>"; };
		B88A586D1BEADA57003E0957 /* Tile3DBack.png */ = {isa = PBXFileReference; lastKnownFileType = image.png; path = Tile3DBack.png; sourceTree = "<group>"; };
		B88A586F1BEADA6F003E0957 /* TileShadow.png */ = {isa = PBXFileReference; lastKnownFileType = image.png; path = TileShadow.png; sourceTree = "<group>"; };
		B891045E1C97A4E20045102F /* BGBlack@2x.png */ = {isa = PBXFileReference; lastKnownFileType = image.png; path = "BGBlack@2x.png"; sourceTree = "<group>"; };
		B89719CE1C34E1D6005BE647 /* gridHighlightHorizontal.png */ = {isa = PBXFileReference; lastKnownFileType = image.png; path = gridHighlightHorizontal.png; sourceTree = "<group>"; };
		B89719D01C34F687005BE647 /* SmallSquare.png */ = {isa = PBXFileReference; lastKnownFileType = image.png; path = SmallSquare.png; sourceTree = "<group>"; };
		B89E50601C69C29800C18F1C /* AdSupport.framework */ = {isa = PBXFileReference; lastKnownFileType = wrapper.framework; name = AdSupport.framework; path = System/Library/Frameworks/AdSupport.framework; sourceTree = SDKROOT; };
		B89E50621C69C2A200C18F1C /* AudioToolbox.framework */ = {isa = PBXFileReference; lastKnownFileType = wrapper.framework; name = AudioToolbox.framework; path = System/Library/Frameworks/AudioToolbox.framework; sourceTree = SDKROOT; };
		B89E50641C69C2A900C18F1C /* AVFoundation.framework */ = {isa = PBXFileReference; lastKnownFileType = wrapper.framework; name = AVFoundation.framework; path = System/Library/Frameworks/AVFoundation.framework; sourceTree = SDKROOT; };
		B89E50661C69C2B200C18F1C /* CoreGraphics.framework */ = {isa = PBXFileReference; lastKnownFileType = wrapper.framework; name = CoreGraphics.framework; path = System/Library/Frameworks/CoreGraphics.framework; sourceTree = SDKROOT; };
		B89E50681C69C2BD00C18F1C /* CoreTelephony.framework */ = {isa = PBXFileReference; lastKnownFileType = wrapper.framework; name = CoreTelephony.framework; path = System/Library/Frameworks/CoreTelephony.framework; sourceTree = SDKROOT; };
		B89E506A1C69C2C900C18F1C /* EventKit.framework */ = {isa = PBXFileReference; lastKnownFileType = wrapper.framework; name = EventKit.framework; path = System/Library/Frameworks/EventKit.framework; sourceTree = SDKROOT; };
		B89E506C1C69C2D000C18F1C /* EventKitUI.framework */ = {isa = PBXFileReference; lastKnownFileType = wrapper.framework; name = EventKitUI.framework; path = System/Library/Frameworks/EventKitUI.framework; sourceTree = SDKROOT; };
		B89E506E1C69C2E400C18F1C /* MessageUI.framework */ = {isa = PBXFileReference; lastKnownFileType = wrapper.framework; name = MessageUI.framework; path = System/Library/Frameworks/MessageUI.framework; sourceTree = SDKROOT; };
		B89E50721C69C2F500C18F1C /* SystemConfiguration.framework */ = {isa = PBXFileReference; lastKnownFileType = wrapper.framework; name = SystemConfiguration.framework; path = System/Library/Frameworks/SystemConfiguration.framework; sourceTree = SDKROOT; };
		B8A455141AF15A1400C0D83B /* MainMenuScene.swift */ = {isa = PBXFileReference; fileEncoding = 4; lastKnownFileType = sourcecode.swift; path = MainMenuScene.swift; sourceTree = "<group>"; };
		B8A455151AF15A1400C0D83B /* GameViewController.swift */ = {isa = PBXFileReference; fileEncoding = 4; lastKnownFileType = sourcecode.swift; path = GameViewController.swift; sourceTree = "<group>"; };
		B8AA6C071B2A481600DEAC41 /* MMWTileBuilder.swift */ = {isa = PBXFileReference; fileEncoding = 4; lastKnownFileType = sourcecode.swift; path = MMWTileBuilder.swift; sourceTree = "<group>"; };
		B8B0C5271C96043E00226CC8 /* GameGridCover.png */ = {isa = PBXFileReference; lastKnownFileType = image.png; path = GameGridCover.png; sourceTree = "<group>"; };
		B8B0C5281C96043E00226CC8 /* GameGridCover@2x.png */ = {isa = PBXFileReference; lastKnownFileType = image.png; path = "GameGridCover@2x.png"; sourceTree = "<group>"; };
		B8B2CA871ADADD9000C9DEE7 /* 5-LetterWords.txt */ = {isa = PBXFileReference; fileEncoding = 4; lastKnownFileType = text; path = "5-LetterWords.txt"; sourceTree = "<group>"; };
		B8B49DBA1AF1AF610086154C /* MMWResultsScene.swift */ = {isa = PBXFileReference; fileEncoding = 4; lastKnownFileType = sourcecode.swift; path = MMWResultsScene.swift; sourceTree = "<group>"; };
		B8B5E1E91BB707FC00AD876E /* TrieElement.swift */ = {isa = PBXFileReference; fileEncoding = 4; lastKnownFileType = sourcecode.swift; path = TrieElement.swift; sourceTree = "<group>"; };
		B8B5F2CB1C208538005B768C /* data.dat */ = {isa = PBXFileReference; lastKnownFileType = file; path = data.dat; sourceTree = "<group>"; };
		B8C0860A1C55A532008F8E40 /* EndGameSceneController.swift */ = {isa = PBXFileReference; fileEncoding = 4; lastKnownFileType = sourcecode.swift; path = EndGameSceneController.swift; sourceTree = "<group>"; };
		B8C0860B1C55A532008F8E40 /* EndGameScene.xib */ = {isa = PBXFileReference; fileEncoding = 4; lastKnownFileType = file.xib; path = EndGameScene.xib; sourceTree = "<group>"; };
		B8C0860E1C55A9A1008F8E40 /* EndGameScene.swift */ = {isa = PBXFileReference; fileEncoding = 4; lastKnownFileType = sourcecode.swift; path = EndGameScene.swift; sourceTree = "<group>"; };
		B8C14EF01AF27E5100E640C0 /* LetterTileSprite.swift */ = {isa = PBXFileReference; fileEncoding = 4; lastKnownFileType = sourcecode.swift; path = LetterTileSprite.swift; sourceTree = "<group>"; };
		B8CB742E1AF9260400AE5F40 /* Grid.swift */ = {isa = PBXFileReference; fileEncoding = 4; lastKnownFileType = sourcecode.swift; path = Grid.swift; sourceTree = "<group>"; };
		B8CCE19C1AD8C13500882391 /* MarkMyWord.app */ = {isa = PBXFileReference; explicitFileType = wrapper.application; includeInIndex = 0; path = MarkMyWord.app; sourceTree = BUILT_PRODUCTS_DIR; };
		B8CCE1A01AD8C13500882391 /* Info.plist */ = {isa = PBXFileReference; lastKnownFileType = text.plist.xml; path = Info.plist; sourceTree = "<group>"; };
		B8CCE1A11AD8C13500882391 /* AppDelegate.swift */ = {isa = PBXFileReference; lastKnownFileType = sourcecode.swift; path = AppDelegate.swift; sourceTree = "<group>"; };
		B8CCE1A31AD8C13500882391 /* GameScene.sks */ = {isa = PBXFileReference; lastKnownFileType = file.sks; path = GameScene.sks; sourceTree = "<group>"; };
		B8CCE1A51AD8C13500882391 /* MMWGameScene.swift */ = {isa = PBXFileReference; lastKnownFileType = sourcecode.swift; path = MMWGameScene.swift; sourceTree = "<group>"; };
		B8CCE1A71AD8C13500882391 /* MMWGameSceneViewController.swift */ = {isa = PBXFileReference; lastKnownFileType = sourcecode.swift; path = MMWGameSceneViewController.swift; sourceTree = "<group>"; };
		B8CCE1AA1AD8C13500882391 /* Base */ = {isa = PBXFileReference; lastKnownFileType = file.storyboard; name = Base; path = Base.lproj/Main.storyboard; sourceTree = "<group>"; };
		B8CCE1AC1AD8C13500882391 /* Images.xcassets */ = {isa = PBXFileReference; lastKnownFileType = folder.assetcatalog; path = Images.xcassets; sourceTree = "<group>"; };
		B8CCE1AF1AD8C13500882391 /* Base */ = {isa = PBXFileReference; lastKnownFileType = file.xib; name = Base; path = Base.lproj/LaunchScreen.xib; sourceTree = "<group>"; };
		B8CCE1B51AD8C13500882391 /* MarkMyWordTests.xctest */ = {isa = PBXFileReference; explicitFileType = wrapper.cfbundle; includeInIndex = 0; path = MarkMyWordTests.xctest; sourceTree = BUILT_PRODUCTS_DIR; };
		B8CCE1BA1AD8C13500882391 /* Info.plist */ = {isa = PBXFileReference; lastKnownFileType = text.plist.xml; path = Info.plist; sourceTree = "<group>"; };
		B8CCE1BB1AD8C13500882391 /* MarkMyWordTests.swift */ = {isa = PBXFileReference; lastKnownFileType = sourcecode.swift; path = MarkMyWordTests.swift; sourceTree = "<group>"; };
		B8D130E21AFD44A100865982 /* MeyamaSplashScreen_iPad.jpg */ = {isa = PBXFileReference; lastKnownFileType = image.jpeg; path = MeyamaSplashScreen_iPad.jpg; sourceTree = "<group>"; };
		B8D130E31AFD44A100865982 /* MeyamaSplashScreen_iPad@2x.jpg */ = {isa = PBXFileReference; lastKnownFileType = image.jpeg; path = "MeyamaSplashScreen_iPad@2x.jpg"; sourceTree = "<group>"; };
		B8D130E61AFD635500865982 /* PlayerView.swift */ = {isa = PBXFileReference; fileEncoding = 4; lastKnownFileType = sourcecode.swift; path = PlayerView.swift; sourceTree = "<group>"; };
		B8D789271B0C3A0300C3DC36 /* MMWGame.swift */ = {isa = PBXFileReference; fileEncoding = 4; lastKnownFileType = sourcecode.swift; path = MMWGame.swift; sourceTree = "<group>"; };
		B8DFE1541C29F288009FB8ED /* OptionsButton@2x.png */ = {isa = PBXFileReference; lastKnownFileType = image.png; path = "OptionsButton@2x.png"; sourceTree = "<group>"; };
		B8DFE1551C29F288009FB8ED /* OptionsButton@3x.png */ = {isa = PBXFileReference; lastKnownFileType = image.png; path = "OptionsButton@3x.png"; sourceTree = "<group>"; };
		B8DFE1581C2A0BEE009FB8ED /* GameGrid.png */ = {isa = PBXFileReference; lastKnownFileType = image.png; path = GameGrid.png; sourceTree = "<group>"; };
		B8DFE15A1C2A0E60009FB8ED /* GameGrid@2x.png */ = {isa = PBXFileReference; lastKnownFileType = image.png; path = "GameGrid@2x.png"; sourceTree = "<group>"; };
		B8DFE15B1C2A0E60009FB8ED /* GameGrid@3x.png */ = {isa = PBXFileReference; lastKnownFileType = image.png; path = "GameGrid@3x.png"; sourceTree = "<group>"; };
		B8DFE15E1C2A11A5009FB8ED /* MarkMyWordBGCleaniPad.png */ = {isa = PBXFileReference; lastKnownFileType = image.png; path = MarkMyWordBGCleaniPad.png; sourceTree = "<group>"; };
		B8DFE1601C2B0DE9009FB8ED /* Tile3D@iPadPro.png */ = {isa = PBXFileReference; lastKnownFileType = image.png; path = "Tile3D@iPadPro.png"; sourceTree = "<group>"; };
		B8DFE1621C2B377D009FB8ED /* GameGrid@iPadPro.png */ = {isa = PBXFileReference; lastKnownFileType = image.png; path = "GameGrid@iPadPro.png"; sourceTree = "<group>"; };
		B8E874E51AE17E0000763849 /* MMWTile.swift */ = {isa = PBXFileReference; fileEncoding = 4; lastKnownFileType = sourcecode.swift; path = MMWTile.swift; sourceTree = "<group>"; };
		B8F3F2161C33665F00A38BB7 /* WordSet.swift */ = {isa = PBXFileReference; fileEncoding = 4; lastKnownFileType = sourcecode.swift; path = WordSet.swift; sourceTree = "<group>"; };
		B8F3F2171C33665F00A38BB7 /* WordSetError.swift */ = {isa = PBXFileReference; fileEncoding = 4; lastKnownFileType = sourcecode.swift; path = WordSetError.swift; sourceTree = "<group>"; };
		B8FA8FA11AE9DC93007CF07C /* GameData.swift */ = {isa = PBXFileReference; fileEncoding = 4; lastKnownFileType = sourcecode.swift; path = GameData.swift; sourceTree = "<group>"; };
		B8FA8FA51AE9DD70007CF07C /* Comic_Andy.ttf */ = {isa = PBXFileReference; lastKnownFileType = file; path = Comic_Andy.ttf; sourceTree = "<group>"; };
		B8FA8FA61AE9DD7F007CF07C /* particle.png */ = {isa = PBXFileReference; lastKnownFileType = image.png; path = particle.png; sourceTree = "<group>"; };
		B8FA8FA81AE9DDB5007CF07C /* Config.swift */ = {isa = PBXFileReference; fileEncoding = 4; lastKnownFileType = sourcecode.swift; path = Config.swift; sourceTree = "<group>"; };
		B8FB376E1C28D56700C68434 /* codeSnippets */ = {isa = PBXFileReference; fileEncoding = 4; lastKnownFileType = text; path = codeSnippets; sourceTree = "<group>"; };
		B8FB37721C28F79E00C68434 /* Tile3D@2x.png */ = {isa = PBXFileReference; lastKnownFileType = image.png; path = "Tile3D@2x.png"; sourceTree = "<group>"; };
		B8FB37731C28F79F00C68434 /* Tile3D@3x.png */ = {isa = PBXFileReference; lastKnownFileType = image.png; path = "Tile3D@3x.png"; sourceTree = "<group>"; };
		B8FB37761C28F7CC00C68434 /* Tile3D.png */ = {isa = PBXFileReference; lastKnownFileType = image.png; path = Tile3D.png; sourceTree = "<group>"; };
		B8FFF25C1BE96E2E006D2010 /* MagicParticle.sks */ = {isa = PBXFileReference; lastKnownFileType = file.sks; path = MagicParticle.sks; sourceTree = "<group>"; };
		B8FFF25D1BE96E2E006D2010 /* spark.png */ = {isa = PBXFileReference; lastKnownFileType = image.png; path = spark.png; sourceTree = "<group>"; };
/* End PBXFileReference section */

/* Begin PBXFrameworksBuildPhase section */
		B8CCE1991AD8C13500882391 /* Frameworks */ = {
			isa = PBXFrameworksBuildPhase;
			buildActionMask = 2147483647;
			files = (
				B89E50731C69C2F500C18F1C /* SystemConfiguration.framework in Frameworks */,
				B89E506F1C69C2E400C18F1C /* MessageUI.framework in Frameworks */,
				B89E506D1C69C2D000C18F1C /* EventKitUI.framework in Frameworks */,
				B89E506B1C69C2C900C18F1C /* EventKit.framework in Frameworks */,
				B89E50691C69C2BD00C18F1C /* CoreTelephony.framework in Frameworks */,
				B89E50671C69C2B200C18F1C /* CoreGraphics.framework in Frameworks */,
				B89E50651C69C2A900C18F1C /* AVFoundation.framework in Frameworks */,
				B89E50631C69C2A200C18F1C /* AudioToolbox.framework in Frameworks */,
				B89E50611C69C29800C18F1C /* AdSupport.framework in Frameworks */,
				B80327FF1C0CD22E0002665F /* CoreData.framework in Frameworks */,
			);
			runOnlyForDeploymentPostprocessing = 0;
		};
		B8CCE1B21AD8C13500882391 /* Frameworks */ = {
			isa = PBXFrameworksBuildPhase;
			buildActionMask = 2147483647;
			files = (
			);
			runOnlyForDeploymentPostprocessing = 0;
		};
/* End PBXFrameworksBuildPhase section */

/* Begin PBXGroup section */
		B81CF1391C12203900F5261D /* DataModel */ = {
			isa = PBXGroup;
			children = (
				B81CF1361C12203400F5261D /* Model.xcdatamodeld */,
			);
			name = DataModel;
			path = ..;
			sourceTree = "<group>";
		};
		B81CF13A1C12205E00F5261D /* GenericCoreDataClasses */ = {
			isa = PBXGroup;
			children = (
				B81CF13B1C12207A00F5261D /* CDHelper.swift */,
			);
			name = GenericCoreDataClasses;
			path = ..;
			sourceTree = "<group>";
		};
		B822CF021C390CFE0043905E /* OptionScreen */ = {
			isa = PBXGroup;
			children = (
				B822CF031C390D0C0043905E /* OptButtonWordLength2.png */,
				B822CF041C390D0C0043905E /* OptButtonWordLength2Boxed.png */,
				B822CF051C390D0C0043905E /* OptButtonWordLength3.png */,
				B822CF061C390D0C0043905E /* OptButtonWordLength3Boxed.png */,
			);
			name = OptionScreen;
			sourceTree = "<group>";
		};
		B82786111B05493C00916E20 /* Archive */ = {
			isa = PBXGroup;
			children = (
			);
			name = Archive;
			sourceTree = "<group>";
		};
		B82D49391B908C5600607595 /* WM */ = {
			isa = PBXGroup;
			children = (
				B8B2CA871ADADD9000C9DEE7 /* 5-LetterWords.txt */,
			);
			name = WM;
			sourceTree = "<group>";
		};
		B85B16251B0FDE6C00E58214 /* MMW */ = {
			isa = PBXGroup;
			children = (
				B8E874E51AE17E0000763849 /* MMWTile.swift */,
				B8AA6C071B2A481600DEAC41 /* MMWTileBuilder.swift */,
				B82786141B05585D00916E20 /* Player.swift */,
				B8CB742E1AF9260400AE5F40 /* Grid.swift */,
				B8FA8FA11AE9DC93007CF07C /* GameData.swift */,
			);
			name = MMW;
			sourceTree = "<group>";
		};
		B87A49141C59972200621F6C /* Tests */ = {
			isa = PBXGroup;
			children = (
				B8C0860E1C55A9A1008F8E40 /* EndGameScene.swift */,
				B8CCE1AE1AD8C13500882391 /* LaunchScreen.xib */,
				B8C0860B1C55A532008F8E40 /* EndGameScene.xib */,
				B881A5A21C3A0329005BFE27 /* optionScreen.xib */,
				B800575B1C3C8D8900185769 /* EndGameUIView.swift */,
				B8C0860A1C55A532008F8E40 /* EndGameSceneController.swift */,
				B87A49081C57F24B00621F6C /* RulesViewController.swift */,
				B87A490A1C5819D000621F6C /* MMWEndGameScene.swift */,
				B80057571C3C8D2D00185769 /* OptionsUISceneViewController.swift */,
				B8B49DBA1AF1AF610086154C /* MMWResultsScene.swift */,
			);
			name = Tests;
			sourceTree = "<group>";
		};
		B88118DA1BEA90AA003E74E5 /* H WordLists */ = {
			isa = PBXGroup;
			children = (
			);
			name = "H WordLists";
			sourceTree = "<group>";
		};
		B88A58431BEAD050003E0957 /* Tools */ = {
			isa = PBXGroup;
			children = (
				B8F3F2161C33665F00A38BB7 /* WordSet.swift */,
				B8F3F2171C33665F00A38BB7 /* WordSetError.swift */,
				B820241E1B65BFD0004E413A /* StreamReader.swift */,
				B808A42D1B9A0C000070A1A6 /* Trie.swift */,
				B8B5E1E91BB707FC00AD876E /* TrieElement.swift */,
			);
			name = Tools;
			sourceTree = "<group>";
		};
		B88A58441BEAD089003E0957 /* Effects */ = {
			isa = PBXGroup;
			children = (
				B8FFF25C1BE96E2E006D2010 /* MagicParticle.sks */,
				B8FFF25D1BE96E2E006D2010 /* spark.png */,
			);
			name = Effects;
			sourceTree = "<group>";
		};
		B88A58451BEAD0AA003E0957 /* Scenes */ = {
			isa = PBXGroup;
			children = (
				B87A49141C59972200621F6C /* Tests */,
				B8CCE1A91AD8C13500882391 /* Main.storyboard */,
				B8A455141AF15A1400C0D83B /* MainMenuScene.swift */,
				B8CCE1A51AD8C13500882391 /* MMWGameScene.swift */,
				B822CF0B1C390DA80043905E /* MMWOptionScreen.swift */,
			);
			name = Scenes;
			sourceTree = "<group>";
		};
		B88A58681BEAD9CA003E0957 /* tiles */ = {
			isa = PBXGroup;
			children = (
				B8FB37761C28F7CC00C68434 /* Tile3D.png */,
				B8FB37721C28F79E00C68434 /* Tile3D@2x.png */,
				B8FB37731C28F79F00C68434 /* Tile3D@3x.png */,
				B8DFE1601C2B0DE9009FB8ED /* Tile3D@iPadPro.png */,
				B88A586D1BEADA57003E0957 /* Tile3DBack.png */,
				B88A586F1BEADA6F003E0957 /* TileShadow.png */,
				B88A586B1BEADA46003E0957 /* Tile3DGlow.png */,
			);
			name = tiles;
			sourceTree = "<group>";
		};
		B8A4551A1AF1702200C0D83B /* PLACEHOLDER */ = {
			isa = PBXGroup;
			children = (
			);
			name = PLACEHOLDER;
			sourceTree = "<group>";
		};
		B8B2CA7F1ADADD5F00C9DEE7 /* WordLists */ = {
			isa = PBXGroup;
			children = (
				B86233101C7CEB590030787E /* enable2kClean.txt */,
				B82D68C91C7C162C00FFFA1E /* offensive.txt */,
				B86233361C8644B90030787E /* WordListChoppedNoDupRaw.txt */,
				B86233381C8649730030787E /* WordListChoppedNoDupClean.txt */,
				B82D49391B908C5600607595 /* WM */,
				B88118DA1BEA90AA003E74E5 /* H WordLists */,
			);
			name = WordLists;
			sourceTree = "<group>";
		};
		B8B5BCB21B44B9EE00AC1A69 /* buttons */ = {
			isa = PBXGroup;
			children = (
				B822CF021C390CFE0043905E /* OptionScreen */,
				B89719D01C34F687005BE647 /* SmallSquare.png */,
				B88A584E1BEAD859003E0957 /* NewTilesButton.png */,
				B822CEEA1C38880B0043905E /* NewTilesButton@2x.png */,
				B822CEEB1C38880B0043905E /* NewTilesButton@3x.png */,
				B88A584F1BEAD859003E0957 /* OptionsButton.png */,
				B8DFE1541C29F288009FB8ED /* OptionsButton@2x.png */,
				B8DFE1551C29F288009FB8ED /* OptionsButton@3x.png */,
				B88A58501BEAD859003E0957 /* PassButton.png */,
				B822CEE61C3886560043905E /* PassButton@2x.png */,
				B822CEE71C3886560043905E /* PassButton@3x.png */,
				B88A58511BEAD859003E0957 /* PauseButton.png */,
				B822CEE21C38864D0043905E /* PauseButton@2x.png */,
				B822CEE31C38864D0043905E /* PauseButton@3x.png */,
				B80757211C3ED01600E59EF4 /* MMWResumeButton@2x.png */,
				B87A490C1C5844F400621F6C /* ResumeButton.png */,
				B87A490D1C5844F400621F6C /* ResumeButton@2x.png */,
				B87A490E1C5844F400621F6C /* EndGameButton.png */,
				B87A490F1C5844F400621F6C /* EndGameButton@2x.png */,
				B88A58521BEAD859003E0957 /* PlayButton.png */,
			);
			name = buttons;
			sourceTree = "<group>";
		};
		B8B5BCBB1B44BA4200AC1A69 /* temp */ = {
			isa = PBXGroup;
			children = (
			);
			name = temp;
			sourceTree = "<group>";
		};
		B8C900561B011DEE00C72745 /* icons */ = {
			isa = PBXGroup;
			children = (
			);
			name = icons;
			sourceTree = "<group>";
		};
		B8C900671B01201600C72745 /* launchScreens */ = {
			isa = PBXGroup;
			children = (
			);
			name = launchScreens;
			sourceTree = "<group>";
		};
		B8C900681B01203A00C72745 /* backgrounds */ = {
			isa = PBXGroup;
			children = (
				B86E07F91CAC86FC009C425D /* BG000@2x.png */,
				B86E07FA1CAC86FC009C425D /* BGStripesHole@2x.png */,
				B86E07E11CAC86E4009C425D /* BG001@2x.png */,
				B86E07E21CAC86E4009C425D /* BG002@2x.png */,
				B86E07E31CAC86E4009C425D /* BG003@2x.png */,
				B86E07E41CAC86E4009C425D /* BG004@2x.png */,
				B86E07E51CAC86E4009C425D /* BG005@2x.png */,
				B86E07E61CAC86E4009C425D /* BG006@2x.png */,
				B86E07E71CAC86E4009C425D /* BG007@2x.png */,
				B86E07E81CAC86E4009C425D /* BG008@2x.png */,
				B86E07E91CAC86E4009C425D /* BGBlack@2x.png */,
				B86E07EA1CAC86E4009C425D /* BGStripes@2x.png */,
				B86E07EB1CAC86E4009C425D /* PlayAreaWhite.png */,
				B86E07EC1CAC86E4009C425D /* PlayAreaWhite@2x.png */,
				B891045E1C97A4E20045102F /* BGBlack@2x.png */,
				B8B0C5271C96043E00226CC8 /* GameGridCover.png */,
				B8B0C5281C96043E00226CC8 /* GameGridCover@2x.png */,
				B800575D1C3D7E4600185769 /* MMWBG.png */,
				B89719CE1C34E1D6005BE647 /* gridHighlightHorizontal.png */,
				B8DFE1581C2A0BEE009FB8ED /* GameGrid.png */,
				B8DFE15A1C2A0E60009FB8ED /* GameGrid@2x.png */,
				B8DFE15B1C2A0E60009FB8ED /* GameGrid@3x.png */,
				B8DFE1621C2B377D009FB8ED /* GameGrid@iPadPro.png */,
				B8D130E21AFD44A100865982 /* MeyamaSplashScreen_iPad.jpg */,
				B8D130E31AFD44A100865982 /* MeyamaSplashScreen_iPad@2x.jpg */,
				B8DFE15E1C2A11A5009FB8ED /* MarkMyWordBGCleaniPad.png */,
				B88A584A1BEAD859003E0957 /* MarkMyWordBGCleaniPad@2x.png */,
				B88A584D1BEAD859003E0957 /* MMWOptionsScreen.png */,
				B800575F1C3D827500185769 /* MMWOptionsScreen@2x.png */,
				B86AC8E41C4496140002A223 /* NewGameScreen.png */,
				B86AC8E51C4496140002A223 /* NewGameScreen@2x.png */,
			);
			name = backgrounds;
			sourceTree = "<group>";
		};
		B8C900771B01404500C72745 /* player */ = {
			isa = PBXGroup;
			children = (
				B85C726F1C4F177400170B88 /* avatar000@2x.png */,
				B862332C1C7FCD4F0030787E /* avatar001@2x.png */,
				B862332E1C7FCD960030787E /* avatar002@2x.png */,
				B862332F1C7FCD960030787E /* avatar003@2x.png */,
				B86233301C7FCD960030787E /* avatar004@2x.png */,
				B86233311C7FCD960030787E /* avatar005@2x.png */,
				B809D41D1C90D16D0091B9F0 /* avatar006@2x.png */,
				B86233241C7F6EC20030787E /* meyama000@2x.png */,
				B86233211C7F6EC20030787E /* meyama001@2x.png */,
				B86233221C7F6EC20030787E /* meyama002@2x.png */,
				B86233251C7F6EC20030787E /* meyama003@2x.png */,
				B86233231C7F6EC20030787E /* meyama004@2x.png */,
				B809D41F1C90D1890091B9F0 /* meyama005@2x.png */,
				B809D4211C90D1B70091B9F0 /* meyama006@2x.png */,
				B822CEFA1C3892640043905E /* playerGridGlowTex.png */,
				B822CEFB1C3892640043905E /* playerGridGlowTex@2x.png */,
				B822CEFC1C3892640043905E /* playerGridGlowTex@3x.png */,
				B822CEF41C388F230043905E /* tileCover.png */,
				B84738D31C0A3F20003B05BA /* tileCover@2x.png */,
				B822CF001C38ABCF0043905E /* tileCover@3x.png */,
				B88A58601BEAD951003E0957 /* PlayerBG.png */,
				B822CEEE1C388AE10043905E /* PlayerBG02Island.png */,
				B84738D71C0A482C003B05BA /* PlayerBG02Island@2x.png */,
				B822CEF01C388B150043905E /* PlayerBG02Island@3x.png */,
				B88A58621BEAD969003E0957 /* MMWPlayerTilesGrid.png */,
				B822CEF21C388ED70043905E /* MMWPlayerTilesGrid@2x.png */,
				B822CEF61C388F530043905E /* MMWPlayerTilesPlaque.png */,
				B88A58631BEAD969003E0957 /* MMWPlayerTilesPlaque@2x.png */,
				B84738D91C0A5305003B05BA /* player01.png */,
				B88A58661BEAD978003E0957 /* player02.png */,
				B84738DB1C0A5E47003B05BA /* player03.png */,
				B84738DC1C0A5E47003B05BA /* player04.png */,
			);
			name = player;
			sourceTree = "<group>";
		};
		B8CCE1931AD8C13500882391 = {
			isa = PBXGroup;
			children = (
				B89E50721C69C2F500C18F1C /* SystemConfiguration.framework */,
				B89E506E1C69C2E400C18F1C /* MessageUI.framework */,
				B89E506C1C69C2D000C18F1C /* EventKitUI.framework */,
				B89E506A1C69C2C900C18F1C /* EventKit.framework */,
				B89E50681C69C2BD00C18F1C /* CoreTelephony.framework */,
				B89E50661C69C2B200C18F1C /* CoreGraphics.framework */,
				B89E50641C69C2A900C18F1C /* AVFoundation.framework */,
				B89E50621C69C2A200C18F1C /* AudioToolbox.framework */,
				B89E50601C69C29800C18F1C /* AdSupport.framework */,
				B81CF15E1C1249A100F5261D /* Item+CoreDataProperties.swift */,
				B81CF15F1C1249A100F5261D /* Item.swift */,
				B81CF15A1C12485200F5261D /* GameState+CoreDataProperties.swift */,
				B81CF15B1C12485200F5261D /* GameState.swift */,
				B81CF14E1C123D5C00F5261D /* TrieData+CoreDataProperties.swift */,
				B81CF14F1C123D5C00F5261D /* TrieData.swift */,
				B80327FE1C0CD22E0002665F /* CoreData.framework */,
				B8CCE19E1AD8C13500882391 /* MarkMyWord */,
				B8CCE1B81AD8C13500882391 /* MarkMyWordTests */,
				B8CCE19D1AD8C13500882391 /* Products */,
			);
			sourceTree = "<group>";
		};
		B8CCE19D1AD8C13500882391 /* Products */ = {
			isa = PBXGroup;
			children = (
				B8CCE19C1AD8C13500882391 /* MarkMyWord.app */,
				B8CCE1B51AD8C13500882391 /* MarkMyWordTests.xctest */,
			);
			name = Products;
			sourceTree = "<group>";
		};
		B8CCE19E1AD8C13500882391 /* MarkMyWord */ = {
			isa = PBXGroup;
			children = (
				B8B5F2CB1C208538005B768C /* data.dat */,
				B81CF13A1C12205E00F5261D /* GenericCoreDataClasses */,
				B81CF1391C12203900F5261D /* DataModel */,
				B8DA7EC41AE136CA003FE2C6 /* Assets */,
				B8DA7EC01AE1369F003FE2C6 /* Classes */,
				B8CCE1A11AD8C13500882391 /* AppDelegate.swift */,
				B8CCE1A31AD8C13500882391 /* GameScene.sks */,
				B8CCE1AC1AD8C13500882391 /* Images.xcassets */,
				B8CCE19F1AD8C13500882391 /* Supporting Files */,
			);
			path = MarkMyWord;
			sourceTree = "<group>";
		};
		B8CCE19F1AD8C13500882391 /* Supporting Files */ = {
			isa = PBXGroup;
			children = (
				B8CCE1A01AD8C13500882391 /* Info.plist */,
			);
			name = "Supporting Files";
			sourceTree = "<group>";
		};
		B8CCE1B81AD8C13500882391 /* MarkMyWordTests */ = {
			isa = PBXGroup;
			children = (
				B86530641BB7114F00A6A471 /* TrieTests.swift */,
				B8CCE1BB1AD8C13500882391 /* MarkMyWordTests.swift */,
				B8CCE1B91AD8C13500882391 /* Supporting Files */,
			);
			path = MarkMyWordTests;
			sourceTree = "<group>";
		};
		B8CCE1B91AD8C13500882391 /* Supporting Files */ = {
			isa = PBXGroup;
			children = (
				B8CCE1BA1AD8C13500882391 /* Info.plist */,
			);
			name = "Supporting Files";
			sourceTree = "<group>";
		};
		B8DA7EC01AE1369F003FE2C6 /* Classes */ = {
			isa = PBXGroup;
			children = (
				B82786111B05493C00916E20 /* Archive */,
				B8DA7EC11AE136AC003FE2C6 /* Models */,
				B8DA7EC21AE136B4003FE2C6 /* Views */,
				B8DA7EC31AE136BC003FE2C6 /* Controllers */,
			);
			name = Classes;
			sourceTree = "<group>";
		};
		B8DA7EC11AE136AC003FE2C6 /* Models */ = {
			isa = PBXGroup;
			children = (
				B8FA8FA81AE9DDB5007CF07C /* Config.swift */,
				B88A58431BEAD050003E0957 /* Tools */,
				B85B16251B0FDE6C00E58214 /* MMW */,
				B831B3601C65636B00D270F2 /* StringUtils.swift */,
			);
			name = Models;
			sourceTree = "<group>";
		};
		B8DA7EC21AE136B4003FE2C6 /* Views */ = {
			isa = PBXGroup;
			children = (
				B88A58451BEAD0AA003E0957 /* Scenes */,
				B8D130E61AFD635500865982 /* PlayerView.swift */,
				B8C14EF01AF27E5100E640C0 /* LetterTileSprite.swift */,
				B88A58441BEAD089003E0957 /* Effects */,
			);
			name = Views;
			sourceTree = "<group>";
		};
		B8DA7EC31AE136BC003FE2C6 /* Controllers */ = {
			isa = PBXGroup;
			children = (
				B8D789271B0C3A0300C3DC36 /* MMWGame.swift */,
				B8A455151AF15A1400C0D83B /* GameViewController.swift */,
				B8CCE1A71AD8C13500882391 /* MMWGameSceneViewController.swift */,
				B8FB376E1C28D56700C68434 /* codeSnippets */,
			);
			name = Controllers;
			sourceTree = "<group>";
		};
		B8DA7EC41AE136CA003FE2C6 /* Assets */ = {
			isa = PBXGroup;
			children = (
				B8A4551A1AF1702200C0D83B /* PLACEHOLDER */,
				B8F264F71AE1D5170072B9D4 /* Animations */,
				B8DA7EC61AE136DC003FE2C6 /* Audio */,
				B8DA7EC81AE136F4003FE2C6 /* Fonts */,
				B8DA7EC51AE136D3003FE2C6 /* Images */,
				B8DA7EC71AE136EC003FE2C6 /* Particles */,
				B8F264F81AE1DEA20072B9D4 /* Strings */,
				B8B2CA7F1ADADD5F00C9DEE7 /* WordLists */,
			);
			name = Assets;
			sourceTree = "<group>";
		};
		B8DA7EC51AE136D3003FE2C6 /* Images */ = {
			isa = PBXGroup;
			children = (
				B822E36C1C6BCE1800669422 /* LoadingBarInside.png */,
				B822E36B1C6BCE1800669422 /* LoadingBarBorder.png */,
				B822E36D1C6BCE1800669422 /* LoadingBarInside@2x.png */,
				B822E36E1C6BCE1800669422 /* LoadingBarBorder@2x.png */,
				B88A58681BEAD9CA003E0957 /* tiles */,
				B8B5BCBB1B44BA4200AC1A69 /* temp */,
				B8B5BCB21B44B9EE00AC1A69 /* buttons */,
				B8C900771B01404500C72745 /* player */,
				B8C900681B01203A00C72745 /* backgrounds */,
				B8C900671B01201600C72745 /* launchScreens */,
				B8C900561B011DEE00C72745 /* icons */,
			);
			name = Images;
			sourceTree = "<group>";
		};
		B8DA7EC61AE136DC003FE2C6 /* Audio */ = {
			isa = PBXGroup;
			children = (
				B8DA7EDE1AE13A83003FE2C6 /* SoundEffects */,
				B8DA7EDD1AE13A7A003FE2C6 /* Speech */,
				B8DA7EDC1AE13A71003FE2C6 /* Music */,
				B8DA7EDB1AE13978003FE2C6 /* PLACEHOLDER */,
			);
			name = Audio;
			sourceTree = "<group>";
		};
		B8DA7EC71AE136EC003FE2C6 /* Particles */ = {
			isa = PBXGroup;
			children = (
				B8FA8FA61AE9DD7F007CF07C /* particle.png */,
			);
			name = Particles;
			sourceTree = "<group>";
		};
		B8DA7EC81AE136F4003FE2C6 /* Fonts */ = {
			isa = PBXGroup;
			children = (
				B8FA8FA51AE9DD70007CF07C /* Comic_Andy.ttf */,
			);
			name = Fonts;
			sourceTree = "<group>";
		};
		B8DA7EDB1AE13978003FE2C6 /* PLACEHOLDER */ = {
			isa = PBXGroup;
			children = (
			);
			name = PLACEHOLDER;
			sourceTree = "<group>";
		};
		B8DA7EDC1AE13A71003FE2C6 /* Music */ = {
			isa = PBXGroup;
			children = (
				B812D01E1BEAFE5100058683 /* 30Showdown.m4a */,
			);
			name = Music;
			sourceTree = "<group>";
		};
		B8DA7EDD1AE13A7A003FE2C6 /* Speech */ = {
			isa = PBXGroup;
			children = (
			);
			name = Speech;
			sourceTree = "<group>";
		};
		B8DA7EDE1AE13A83003FE2C6 /* SoundEffects */ = {
			isa = PBXGroup;
			children = (
				B88A58461BEAD859003E0957 /* bonk.mp3 */,
				B88A58471BEAD859003E0957 /* pass.WAV */,
				B88A58481BEAD859003E0957 /* points.WAV */,
				B88A58491BEAD859003E0957 /* badPlay.WAV */,
			);
			name = SoundEffects;
			sourceTree = "<group>";
		};
		B8F264F71AE1D5170072B9D4 /* Animations */ = {
			isa = PBXGroup;
			children = (
			);
			name = Animations;
			sourceTree = "<group>";
		};
		B8F264F81AE1DEA20072B9D4 /* Strings */ = {
			isa = PBXGroup;
			children = (
			);
			name = Strings;
			sourceTree = "<group>";
		};
/* End PBXGroup section */

/* Begin PBXNativeTarget section */
		B8CCE19B1AD8C13500882391 /* MarkMyWord */ = {
			isa = PBXNativeTarget;
			buildConfigurationList = B8CCE1BF1AD8C13500882391 /* Build configuration list for PBXNativeTarget "MarkMyWord" */;
			buildPhases = (
				B8CCE1981AD8C13500882391 /* Sources */,
				B8CCE1991AD8C13500882391 /* Frameworks */,
				B8CCE19A1AD8C13500882391 /* Resources */,
			);
			buildRules = (
			);
			dependencies = (
			);
			name = MarkMyWord;
			productName = MarkMyWord;
			productReference = B8CCE19C1AD8C13500882391 /* MarkMyWord.app */;
			productType = "com.apple.product-type.application";
		};
		B8CCE1B41AD8C13500882391 /* MarkMyWordTests */ = {
			isa = PBXNativeTarget;
			buildConfigurationList = B8CCE1C21AD8C13500882391 /* Build configuration list for PBXNativeTarget "MarkMyWordTests" */;
			buildPhases = (
				B8CCE1B11AD8C13500882391 /* Sources */,
				B8CCE1B21AD8C13500882391 /* Frameworks */,
				B8CCE1B31AD8C13500882391 /* Resources */,
			);
			buildRules = (
			);
			dependencies = (
				B8CCE1B71AD8C13500882391 /* PBXTargetDependency */,
			);
			name = MarkMyWordTests;
			productName = MarkMyWordTests;
			productReference = B8CCE1B51AD8C13500882391 /* MarkMyWordTests.xctest */;
			productType = "com.apple.product-type.bundle.unit-test";
		};
/* End PBXNativeTarget section */

/* Begin PBXProject section */
		B8CCE1941AD8C13500882391 /* Project object */ = {
			isa = PBXProject;
			attributes = {
				KnownAssetTags = (
					Button4,
				);
				LastSwiftUpdateCheck = 0700;
				LastUpgradeCheck = 0710;
				ORGANIZATIONNAME = "Hook Studios";
				TargetAttributes = {
					B8CCE19B1AD8C13500882391 = {
						CreatedOnToolsVersion = 6.3;
						DevelopmentTeam = 2NN9JNUBV3;
						SystemCapabilities = {
							com.apple.InAppPurchase = {
								enabled = 0;
							};
						};
					};
					B8CCE1B41AD8C13500882391 = {
						CreatedOnToolsVersion = 6.3;
						TestTargetID = B8CCE19B1AD8C13500882391;
					};
				};
			};
			buildConfigurationList = B8CCE1971AD8C13500882391 /* Build configuration list for PBXProject "MarkMyWord" */;
			compatibilityVersion = "Xcode 3.2";
			developmentRegion = English;
			hasScannedForEncodings = 0;
			knownRegions = (
				en,
				Base,
			);
			mainGroup = B8CCE1931AD8C13500882391;
			productRefGroup = B8CCE19D1AD8C13500882391 /* Products */;
			projectDirPath = "";
			projectRoot = "";
			targets = (
				B8CCE19B1AD8C13500882391 /* MarkMyWord */,
				B8CCE1B41AD8C13500882391 /* MarkMyWordTests */,
			);
		};
/* End PBXProject section */

/* Begin PBXResourcesBuildPhase section */
		B8CCE19A1AD8C13500882391 /* Resources */ = {
			isa = PBXResourcesBuildPhase;
			buildActionMask = 2147483647;
			files = (
				B8FB37751C28F79F00C68434 /* Tile3D@3x.png in Resources */,
				B822CEEC1C38880B0043905E /* NewTilesButton@2x.png in Resources */,
				B809D41E1C90D16D0091B9F0 /* avatar006@2x.png in Resources */,
				B822CEF51C388F230043905E /* tileCover.png in Resources */,
				B88A58651BEAD969003E0957 /* MMWPlayerTilesPlaque@2x.png in Resources */,
				B8B0C5291C96043E00226CC8 /* GameGridCover.png in Resources */,
				B89719CF1C34E1D6005BE647 /* gridHighlightHorizontal.png in Resources */,
				B8FB37771C28F7CC00C68434 /* Tile3D.png in Resources */,
				B86E07F81CAC86E4009C425D /* PlayAreaWhite@2x.png in Resources */,
				B86233291C7F6EC20030787E /* meyama004@2x.png in Resources */,
				B80757221C3ED01600E59EF4 /* MMWResumeButton@2x.png in Resources */,
				B8DFE1561C29F288009FB8ED /* OptionsButton@2x.png in Resources */,
				B8C0860D1C55A532008F8E40 /* EndGameScene.xib in Resources */,
				B86E07F41CAC86E4009C425D /* BG008@2x.png in Resources */,
				B89719D11C34F687005BE647 /* SmallSquare.png in Resources */,
				B800575E1C3D7E4600185769 /* MMWBG.png in Resources */,
				B8FB37741C28F79F00C68434 /* Tile3D@2x.png in Resources */,
				B87A49121C5844F400621F6C /* EndGameButton.png in Resources */,
				B85C72721C4F177400170B88 /* avatar000@2x.png in Resources */,
				B8DFE1631C2B377D009FB8ED /* GameGrid@iPadPro.png in Resources */,
				B822CEF11C388B150043905E /* PlayerBG02Island@3x.png in Resources */,
				B88A586C1BEADA46003E0957 /* Tile3DGlow.png in Resources */,
				B822CEF31C388ED70043905E /* MMWPlayerTilesGrid@2x.png in Resources */,
				B822CEE41C38864D0043905E /* PauseButton@2x.png in Resources */,
				B88A58611BEAD951003E0957 /* PlayerBG.png in Resources */,
				B84738D81C0A482C003B05BA /* PlayerBG02Island@2x.png in Resources */,
				B86E07F31CAC86E4009C425D /* BG007@2x.png in Resources */,
				B822CEFD1C3892640043905E /* playerGridGlowTex.png in Resources */,
				B87A49101C5844F400621F6C /* ResumeButton.png in Resources */,
				B8CCE1B01AD8C13500882391 /* LaunchScreen.xib in Resources */,
				B8CCE1AD1AD8C13500882391 /* Images.xcassets in Resources */,
				B822CEE91C3886560043905E /* PassButton@3x.png in Resources */,
				B862332A1C7F6EC20030787E /* meyama000@2x.png in Resources */,
				B86233321C7FCD960030787E /* avatar002@2x.png in Resources */,
				B88A585D1BEAD859003E0957 /* PassButton.png in Resources */,
				B822CF081C390D0C0043905E /* OptButtonWordLength2Boxed.png in Resources */,
				B8DFE1571C29F288009FB8ED /* OptionsButton@3x.png in Resources */,
				B8DFE15D1C2A0E60009FB8ED /* GameGrid@3x.png in Resources */,
				B8DFE1591C2A0BEE009FB8ED /* GameGrid.png in Resources */,
				B881A5A31C3A0329005BFE27 /* optionScreen.xib in Resources */,
				B86E07F01CAC86E4009C425D /* BG004@2x.png in Resources */,
				B88A585B1BEAD859003E0957 /* NewTilesButton.png in Resources */,
				B862332D1C7FCD4F0030787E /* avatar001@2x.png in Resources */,
				B8DFE15F1C2A11A5009FB8ED /* MarkMyWordBGCleaniPad.png in Resources */,
				B86233341C7FCD960030787E /* avatar004@2x.png in Resources */,
				B822CEF71C388F530043905E /* MMWPlayerTilesPlaque.png in Resources */,
				B8DFE15C1C2A0E60009FB8ED /* GameGrid@2x.png in Resources */,
				B822E3711C6BCE1800669422 /* LoadingBarInside@2x.png in Resources */,
				B822CEFF1C3892640043905E /* playerGridGlowTex@3x.png in Resources */,
				B8FFF25F1BE96E2E006D2010 /* spark.png in Resources */,
				B822CEFE1C3892640043905E /* playerGridGlowTex@2x.png in Resources */,
				B86233391C8649730030787E /* WordListChoppedNoDupClean.txt in Resources */,
				B88A585E1BEAD859003E0957 /* PauseButton.png in Resources */,
				B822CEE51C38864D0043905E /* PauseButton@3x.png in Resources */,
				B809D4201C90D1890091B9F0 /* meyama005@2x.png in Resources */,
				B822CEE81C3886560043905E /* PassButton@2x.png in Resources */,
				B84738DD1C0A5E47003B05BA /* player03.png in Resources */,
				B88A58571BEAD859003E0957 /* MarkMyWordBGCleaniPad@2x.png in Resources */,
				B88A585C1BEAD859003E0957 /* OptionsButton.png in Resources */,
				B88A58671BEAD978003E0957 /* player02.png in Resources */,
				B8FFF25E1BE96E2E006D2010 /* MagicParticle.sks in Resources */,
				B88A58541BEAD859003E0957 /* pass.WAV in Resources */,
				B88A58641BEAD969003E0957 /* MMWPlayerTilesGrid.png in Resources */,
				B86AC8E71C4496140002A223 /* NewGameScreen@2x.png in Resources */,
				B822E36F1C6BCE1800669422 /* LoadingBarBorder.png in Resources */,
				B822E3721C6BCE1800669422 /* LoadingBarBorder@2x.png in Resources */,
				B822CF071C390D0C0043905E /* OptButtonWordLength2.png in Resources */,
				B809D4221C90D1B70091B9F0 /* meyama006@2x.png in Resources */,
				B86233351C7FCD960030787E /* avatar005@2x.png in Resources */,
				B86E07F61CAC86E4009C425D /* BGStripes@2x.png in Resources */,
				B8B2CACC1ADADD9100C9DEE7 /* 5-LetterWords.txt in Resources */,
				B80057601C3D827500185769 /* MMWOptionsScreen@2x.png in Resources */,
				B84738D41C0A3F20003B05BA /* tileCover@2x.png in Resources */,
				B862332B1C7F6EC20030787E /* meyama003@2x.png in Resources */,
				B86E07EE1CAC86E4009C425D /* BG002@2x.png in Resources */,
				B8CCE1A41AD8C13500882391 /* GameScene.sks in Resources */,
				B87A49111C5844F400621F6C /* ResumeButton@2x.png in Resources */,
				B86233281C7F6EC20030787E /* meyama002@2x.png in Resources */,
				B86233111C7CEB590030787E /* enable2kClean.txt in Resources */,
				B88A58551BEAD859003E0957 /* points.WAV in Resources */,
				B822CEEF1C388AE10043905E /* PlayerBG02Island.png in Resources */,
				B82D68CA1C7C162C00FFFA1E /* offensive.txt in Resources */,
				B86233271C7F6EC20030787E /* meyama001@2x.png in Resources */,
				B822CF0A1C390D0C0043905E /* OptButtonWordLength3Boxed.png in Resources */,
				B86E07F21CAC86E4009C425D /* BG006@2x.png in Resources */,
				B87A49131C5844F400621F6C /* EndGameButton@2x.png in Resources */,
				B88A585A1BEAD859003E0957 /* MMWOptionsScreen.png in Resources */,
				B8FA8FA71AE9DD7F007CF07C /* particle.png in Resources */,
				B84738DE1C0A5E47003B05BA /* player04.png in Resources */,
				B8CCE1AB1AD8C13500882391 /* Main.storyboard in Resources */,
				B86E07ED1CAC86E4009C425D /* BG001@2x.png in Resources */,
				B88A586E1BEADA57003E0957 /* Tile3DBack.png in Resources */,
				B86E07FB1CAC86FC009C425D /* BG000@2x.png in Resources */,
				B86233331C7FCD960030787E /* avatar003@2x.png in Resources */,
				B8B0C52A1C96043E00226CC8 /* GameGridCover@2x.png in Resources */,
				B88A58701BEADA6F003E0957 /* TileShadow.png in Resources */,
				B86233371C8644B90030787E /* WordListChoppedNoDupRaw.txt in Resources */,
				B822CF091C390D0C0043905E /* OptButtonWordLength3.png in Resources */,
				B891045F1C97A4E20045102F /* BGBlack@2x.png in Resources */,
				B8DFE1611C2B0DE9009FB8ED /* Tile3D@iPadPro.png in Resources */,
				B88A58531BEAD859003E0957 /* bonk.mp3 in Resources */,
				B86E07F11CAC86E4009C425D /* BG005@2x.png in Resources */,
				B8FB376F1C28D56700C68434 /* codeSnippets in Resources */,
				B88A58561BEAD859003E0957 /* badPlay.WAV in Resources */,
				B822CF011C38ABCF0043905E /* tileCover@3x.png in Resources */,
				B822CEED1C38880B0043905E /* NewTilesButton@3x.png in Resources */,
				B88A585F1BEAD859003E0957 /* PlayButton.png in Resources */,
				B84738DA1C0A5305003B05BA /* player01.png in Resources */,
				B86E07EF1CAC86E4009C425D /* BG003@2x.png in Resources */,
				B86E07F71CAC86E4009C425D /* PlayAreaWhite.png in Resources */,
				B822E3701C6BCE1800669422 /* LoadingBarInside.png in Resources */,
				B86E07FC1CAC86FC009C425D /* BGStripesHole@2x.png in Resources */,
				B86AC8E61C4496140002A223 /* NewGameScreen.png in Resources */,
				B86E07F51CAC86E4009C425D /* BGBlack@2x.png in Resources */,
			);
			runOnlyForDeploymentPostprocessing = 0;
		};
		B8CCE1B31AD8C13500882391 /* Resources */ = {
			isa = PBXResourcesBuildPhase;
			buildActionMask = 2147483647;
			files = (
			);
			runOnlyForDeploymentPostprocessing = 0;
		};
/* End PBXResourcesBuildPhase section */

/* Begin PBXSourcesBuildPhase section */
		B8CCE1981AD8C13500882391 /* Sources */ = {
			isa = PBXSourcesBuildPhase;
			buildActionMask = 2147483647;
			files = (
				B831B3611C65636B00D270F2 /* StringUtils.swift in Sources */,
				B8B5E1EA1BB707FC00AD876E /* TrieElement.swift in Sources */,
				B8B49DBB1AF1AF610086154C /* MMWResultsScene.swift in Sources */,
				B8D130E71AFD635500865982 /* PlayerView.swift in Sources */,
				B8CB742F1AF9260400AE5F40 /* Grid.swift in Sources */,
				B8CCE1A61AD8C13500882391 /* MMWGameScene.swift in Sources */,
				B8AA6C081B2A481600DEAC41 /* MMWTileBuilder.swift in Sources */,
				B800575C1C3C8D8900185769 /* EndGameUIView.swift in Sources */,
				B82786151B05585D00916E20 /* Player.swift in Sources */,
				B822CF0C1C390DA80043905E /* MMWOptionScreen.swift in Sources */,
				B8F3F2191C33665F00A38BB7 /* WordSetError.swift in Sources */,
				B8E874E61AE17E0000763849 /* MMWTile.swift in Sources */,
				B80057591C3C8D2D00185769 /* OptionsUISceneViewController.swift in Sources */,
				B8C0860C1C55A532008F8E40 /* EndGameSceneController.swift in Sources */,
				B81CF1501C123D5C00F5261D /* TrieData+CoreDataProperties.swift in Sources */,
				B87A490B1C5819D000621F6C /* MMWEndGameScene.swift in Sources */,
				B81CF1511C123D5C00F5261D /* TrieData.swift in Sources */,
				B8C14EF11AF27E5100E640C0 /* LetterTileSprite.swift in Sources */,
				B8CCE1A81AD8C13500882391 /* MMWGameSceneViewController.swift in Sources */,
				B8D789281B0C3A0300C3DC36 /* MMWGame.swift in Sources */,
				B8FA8FA21AE9DC93007CF07C /* GameData.swift in Sources */,
				B808A42E1B9A0C000070A1A6 /* Trie.swift in Sources */,
				B8FA8FA91AE9DDB5007CF07C /* Config.swift in Sources */,
				B81CF15C1C12485200F5261D /* GameState+CoreDataProperties.swift in Sources */,
				B87A49091C57F24B00621F6C /* RulesViewController.swift in Sources */,
				B8C0860F1C55A9A1008F8E40 /* EndGameScene.swift in Sources */,
				B8A455171AF15A1400C0D83B /* GameViewController.swift in Sources */,
				B820241F1B65BFD0004E413A /* StreamReader.swift in Sources */,
				B81CF1601C1249A100F5261D /* Item+CoreDataProperties.swift in Sources */,
				B81CF1611C1249A100F5261D /* Item.swift in Sources */,
				B81CF13C1C12207A00F5261D /* CDHelper.swift in Sources */,
				B8A455161AF15A1400C0D83B /* MainMenuScene.swift in Sources */,
				B81CF15D1C12485200F5261D /* GameState.swift in Sources */,
				B81CF1381C12203500F5261D /* Model.xcdatamodeld in Sources */,
				B8CCE1A21AD8C13500882391 /* AppDelegate.swift in Sources */,
				B8F3F2181C33665F00A38BB7 /* WordSet.swift in Sources */,
			);
			runOnlyForDeploymentPostprocessing = 0;
		};
		B8CCE1B11AD8C13500882391 /* Sources */ = {
			isa = PBXSourcesBuildPhase;
			buildActionMask = 2147483647;
			files = (
				B8CCE1BC1AD8C13500882391 /* MarkMyWordTests.swift in Sources */,
				B86530651BB7114F00A6A471 /* TrieTests.swift in Sources */,
			);
			runOnlyForDeploymentPostprocessing = 0;
		};
/* End PBXSourcesBuildPhase section */

/* Begin PBXTargetDependency section */
		B8CCE1B71AD8C13500882391 /* PBXTargetDependency */ = {
			isa = PBXTargetDependency;
			target = B8CCE19B1AD8C13500882391 /* MarkMyWord */;
			targetProxy = B8CCE1B61AD8C13500882391 /* PBXContainerItemProxy */;
		};
/* End PBXTargetDependency section */

/* Begin PBXVariantGroup section */
		B8CCE1A91AD8C13500882391 /* Main.storyboard */ = {
			isa = PBXVariantGroup;
			children = (
				B8CCE1AA1AD8C13500882391 /* Base */,
			);
			name = Main.storyboard;
			sourceTree = "<group>";
		};
		B8CCE1AE1AD8C13500882391 /* LaunchScreen.xib */ = {
			isa = PBXVariantGroup;
			children = (
				B8CCE1AF1AD8C13500882391 /* Base */,
			);
			name = LaunchScreen.xib;
			sourceTree = "<group>";
		};
/* End PBXVariantGroup section */

/* Begin XCBuildConfiguration section */
		B8CCE1BD1AD8C13500882391 /* Debug */ = {
			isa = XCBuildConfiguration;
			buildSettings = {
				ALWAYS_SEARCH_USER_PATHS = NO;
				CLANG_CXX_LANGUAGE_STANDARD = "gnu++0x";
				CLANG_CXX_LIBRARY = "libc++";
				CLANG_ENABLE_MODULES = YES;
				CLANG_ENABLE_OBJC_ARC = YES;
				CLANG_WARN_BOOL_CONVERSION = YES;
				CLANG_WARN_CONSTANT_CONVERSION = YES;
				CLANG_WARN_DIRECT_OBJC_ISA_USAGE = YES_ERROR;
				CLANG_WARN_EMPTY_BODY = YES;
				CLANG_WARN_ENUM_CONVERSION = YES;
				CLANG_WARN_INT_CONVERSION = YES;
				CLANG_WARN_OBJC_ROOT_CLASS = YES_ERROR;
				CLANG_WARN_UNREACHABLE_CODE = YES;
				CLANG_WARN__DUPLICATE_METHOD_MATCH = YES;
				"CODE_SIGN_IDENTITY[sdk=iphoneos*]" = "iPhone Developer";
				COPY_PHASE_STRIP = NO;
				DEBUG_INFORMATION_FORMAT = "dwarf-with-dsym";
				ENABLE_BITCODE = NO;
				ENABLE_STRICT_OBJC_MSGSEND = YES;
				ENABLE_TESTABILITY = YES;
				GCC_C_LANGUAGE_STANDARD = gnu99;
				GCC_DYNAMIC_NO_PIC = NO;
				GCC_NO_COMMON_BLOCKS = YES;
				GCC_OPTIMIZATION_LEVEL = 0;
				GCC_PREPROCESSOR_DEFINITIONS = (
					"DEBUG=1",
					"$(inherited)",
				);
				GCC_SYMBOLS_PRIVATE_EXTERN = NO;
				GCC_WARN_64_TO_32_BIT_CONVERSION = YES;
				GCC_WARN_ABOUT_RETURN_TYPE = YES_ERROR;
				GCC_WARN_UNDECLARED_SELECTOR = YES;
				GCC_WARN_UNINITIALIZED_AUTOS = YES_AGGRESSIVE;
				GCC_WARN_UNUSED_FUNCTION = YES;
				GCC_WARN_UNUSED_VARIABLE = YES;
				IPHONEOS_DEPLOYMENT_TARGET = 9.2;
				MTL_ENABLE_DEBUG_INFO = YES;
				ONLY_ACTIVE_ARCH = YES;
				SDKROOT = iphoneos;
				SWIFT_OPTIMIZATION_LEVEL = "-Onone";
				TARGETED_DEVICE_FAMILY = "1,2";
			};
			name = Debug;
		};
		B8CCE1BE1AD8C13500882391 /* Release */ = {
			isa = XCBuildConfiguration;
			buildSettings = {
				ALWAYS_SEARCH_USER_PATHS = NO;
				CLANG_CXX_LANGUAGE_STANDARD = "gnu++0x";
				CLANG_CXX_LIBRARY = "libc++";
				CLANG_ENABLE_MODULES = YES;
				CLANG_ENABLE_OBJC_ARC = YES;
				CLANG_WARN_BOOL_CONVERSION = YES;
				CLANG_WARN_CONSTANT_CONVERSION = YES;
				CLANG_WARN_DIRECT_OBJC_ISA_USAGE = YES_ERROR;
				CLANG_WARN_EMPTY_BODY = YES;
				CLANG_WARN_ENUM_CONVERSION = YES;
				CLANG_WARN_INT_CONVERSION = YES;
				CLANG_WARN_OBJC_ROOT_CLASS = YES_ERROR;
				CLANG_WARN_UNREACHABLE_CODE = YES;
				CLANG_WARN__DUPLICATE_METHOD_MATCH = YES;
				"CODE_SIGN_IDENTITY[sdk=iphoneos*]" = "iPhone Developer";
				COPY_PHASE_STRIP = NO;
				DEBUG_INFORMATION_FORMAT = "dwarf-with-dsym";
				ENABLE_BITCODE = NO;
				ENABLE_NS_ASSERTIONS = NO;
				ENABLE_STRICT_OBJC_MSGSEND = YES;
				GCC_C_LANGUAGE_STANDARD = gnu99;
				GCC_NO_COMMON_BLOCKS = YES;
				GCC_WARN_64_TO_32_BIT_CONVERSION = YES;
				GCC_WARN_ABOUT_RETURN_TYPE = YES_ERROR;
				GCC_WARN_UNDECLARED_SELECTOR = YES;
				GCC_WARN_UNINITIALIZED_AUTOS = YES_AGGRESSIVE;
				GCC_WARN_UNUSED_FUNCTION = YES;
				GCC_WARN_UNUSED_VARIABLE = YES;
				IPHONEOS_DEPLOYMENT_TARGET = 9.2;
				MTL_ENABLE_DEBUG_INFO = NO;
				SDKROOT = iphoneos;
				TARGETED_DEVICE_FAMILY = "1,2";
				VALIDATE_PRODUCT = YES;
			};
			name = Release;
		};
		B8CCE1C01AD8C13500882391 /* Debug */ = {
			isa = XCBuildConfiguration;
			buildSettings = {
				ASSETCATALOG_COMPILER_APPICON_NAME = AppIcon;
				ASSETCATALOG_COMPILER_LAUNCHIMAGE_NAME = LaunchImage;
				CLANG_ENABLE_MODULES = YES;
				CODE_SIGN_IDENTITY = "iPhone Developer";
				"CODE_SIGN_IDENTITY[sdk=iphoneos*]" = "iPhone Developer";
				ENABLE_BITCODE = NO;
				FRAMEWORK_SEARCH_PATHS = (
					"$(inherited)",
					"$(PROJECT_DIR)/GoogleMobileAdsSdkiOS-7.6.0",
					"$(PROJECT_DIR)/GoogleMobileAdsSdkiOS-7.7.0",
				);
				INFOPLIST_FILE = MarkMyWord/Info.plist;
				IPHONEOS_DEPLOYMENT_TARGET = 8.0;
				LD_RUNPATH_SEARCH_PATHS = "$(inherited) @executable_path/Frameworks";
				OTHER_LDFLAGS = "-ObjC";
				PRODUCT_BUNDLE_IDENTIFIER = "com.hookstudios.$(PRODUCT_NAME:rfc1034identifier)";
				PRODUCT_NAME = "$(TARGET_NAME)";
				PROVISIONING_PROFILE = "";
				SWIFT_OPTIMIZATION_LEVEL = "-Onone";
				TARGETED_DEVICE_FAMILY = "1,2";
			};
			name = Debug;
		};
		B8CCE1C11AD8C13500882391 /* Release */ = {
			isa = XCBuildConfiguration;
			buildSettings = {
				ASSETCATALOG_COMPILER_APPICON_NAME = AppIcon;
				ASSETCATALOG_COMPILER_LAUNCHIMAGE_NAME = LaunchImage;
				CLANG_ENABLE_MODULES = YES;
				CODE_SIGN_IDENTITY = "iPhone Developer";
				"CODE_SIGN_IDENTITY[sdk=iphoneos*]" = "iPhone Developer";
				ENABLE_BITCODE = NO;
				FRAMEWORK_SEARCH_PATHS = (
					"$(inherited)",
					"$(PROJECT_DIR)/GoogleMobileAdsSdkiOS-7.6.0",
					"$(PROJECT_DIR)/GoogleMobileAdsSdkiOS-7.7.0",
				);
				INFOPLIST_FILE = MarkMyWord/Info.plist;
				IPHONEOS_DEPLOYMENT_TARGET = 8.0;
				LD_RUNPATH_SEARCH_PATHS = "$(inherited) @executable_path/Frameworks";
				OTHER_LDFLAGS = "-ObjC";
				PRODUCT_BUNDLE_IDENTIFIER = "com.hookstudios.$(PRODUCT_NAME:rfc1034identifier)";
				PRODUCT_NAME = "$(TARGET_NAME)";
				PROVISIONING_PROFILE = "";
				TARGETED_DEVICE_FAMILY = "1,2";
			};
			name = Release;
		};
		B8CCE1C31AD8C13500882391 /* Debug */ = {
			isa = XCBuildConfiguration;
			buildSettings = {
				BUNDLE_LOADER = "$(TEST_HOST)";
				FRAMEWORK_SEARCH_PATHS = (
					"$(SDKROOT)/Developer/Library/Frameworks",
					"$(inherited)",
				);
				GCC_PREPROCESSOR_DEFINITIONS = (
					"DEBUG=1",
					"$(inherited)",
				);
				INFOPLIST_FILE = MarkMyWordTests/Info.plist;
				LD_RUNPATH_SEARCH_PATHS = "$(inherited) @executable_path/Frameworks @loader_path/Frameworks";
				PRODUCT_BUNDLE_IDENTIFIER = "com.hookstudios.$(PRODUCT_NAME:rfc1034identifier)";
				PRODUCT_NAME = "$(TARGET_NAME)";
				TEST_HOST = "$(BUILT_PRODUCTS_DIR)/MarkMyWord.app/MarkMyWord";
			};
			name = Debug;
		};
		B8CCE1C41AD8C13500882391 /* Release */ = {
			isa = XCBuildConfiguration;
			buildSettings = {
				BUNDLE_LOADER = "$(TEST_HOST)";
				FRAMEWORK_SEARCH_PATHS = (
					"$(SDKROOT)/Developer/Library/Frameworks",
					"$(inherited)",
				);
				INFOPLIST_FILE = MarkMyWordTests/Info.plist;
				LD_RUNPATH_SEARCH_PATHS = "$(inherited) @executable_path/Frameworks @loader_path/Frameworks";
				PRODUCT_BUNDLE_IDENTIFIER = "com.hookstudios.$(PRODUCT_NAME:rfc1034identifier)";
				PRODUCT_NAME = "$(TARGET_NAME)";
				TEST_HOST = "$(BUILT_PRODUCTS_DIR)/MarkMyWord.app/MarkMyWord";
			};
			name = Release;
		};
/* End XCBuildConfiguration section */

/* Begin XCConfigurationList section */
		B8CCE1971AD8C13500882391 /* Build configuration list for PBXProject "MarkMyWord" */ = {
			isa = XCConfigurationList;
			buildConfigurations = (
				B8CCE1BD1AD8C13500882391 /* Debug */,
				B8CCE1BE1AD8C13500882391 /* Release */,
			);
			defaultConfigurationIsVisible = 0;
			defaultConfigurationName = Release;
		};
		B8CCE1BF1AD8C13500882391 /* Build configuration list for PBXNativeTarget "MarkMyWord" */ = {
			isa = XCConfigurationList;
			buildConfigurations = (
				B8CCE1C01AD8C13500882391 /* Debug */,
				B8CCE1C11AD8C13500882391 /* Release */,
			);
			defaultConfigurationIsVisible = 0;
			defaultConfigurationName = Release;
		};
		B8CCE1C21AD8C13500882391 /* Build configuration list for PBXNativeTarget "MarkMyWordTests" */ = {
			isa = XCConfigurationList;
			buildConfigurations = (
				B8CCE1C31AD8C13500882391 /* Debug */,
				B8CCE1C41AD8C13500882391 /* Release */,
			);
			defaultConfigurationIsVisible = 0;
			defaultConfigurationName = Release;
		};
/* End XCConfigurationList section */

/* Begin XCVersionGroup section */
		B81CF1361C12203400F5261D /* Model.xcdatamodeld */ = {
			isa = XCVersionGroup;
			children = (
				B81CF1371C12203400F5261D /* Model.xcdatamodel */,
			);
			currentVersion = B81CF1371C12203400F5261D /* Model.xcdatamodel */;
			path = Model.xcdatamodeld;
			sourceTree = "<group>";
			versionGroupType = wrapper.xcdatamodel;
		};
/* End XCVersionGroup section */
	};
	rootObject = B8CCE1941AD8C13500882391 /* Project object */;
}
