// !$*UTF8*$!
{
	archiveVersion = 1;
	classes = {
	};
	objectVersion = 46;
	objects = {

/* Begin PBXBuildFile section */
		B808A42E1B9A0C000070A1A6 /* Trie.swift in Sources */ = {isa = PBXBuildFile; fileRef = B808A42D1B9A0C000070A1A6 /* Trie.swift */; };
		B820241F1B65BFD0004E413A /* StreamReader.swift in Sources */ = {isa = PBXBuildFile; fileRef = B820241E1B65BFD0004E413A /* StreamReader.swift */; };
		B82786151B05585D00916E20 /* Player.swift in Sources */ = {isa = PBXBuildFile; fileRef = B82786141B05585D00916E20 /* Player.swift */; };
		B8361E391BE2AAC1000CEB0E /* WordList5LetterNoDup.txt in Resources */ = {isa = PBXBuildFile; fileRef = B8361E381BE2AAC1000CEB0E /* WordList5LetterNoDup.txt */; };
		B84EBE971BE14700008B6B12 /* WordList1to3LetterNoDup.txt in Resources */ = {isa = PBXBuildFile; fileRef = B84EBE951BE14700008B6B12 /* WordList1to3LetterNoDup.txt */; };
		B84EBE981BE14700008B6B12 /* WordList4LetterNoDup.txt in Resources */ = {isa = PBXBuildFile; fileRef = B84EBE961BE14700008B6B12 /* WordList4LetterNoDup.txt */; };
		B86530651BB7114F00A6A471 /* TrieTests.swift in Sources */ = {isa = PBXBuildFile; fileRef = B86530641BB7114F00A6A471 /* TrieTests.swift */; };
		B879D8F11BDDCE4E0088A5A4 /* enable1WordListMod.txt in Resources */ = {isa = PBXBuildFile; fileRef = B879D8F01BDDCE4E0088A5A4 /* enable1WordListMod.txt */; };
		B88118DC1BEAA32A003E74E5 /* WordList6LetterNoDup.txt in Resources */ = {isa = PBXBuildFile; fileRef = B88118DB1BEAA32A003E74E5 /* WordList6LetterNoDup.txt */; };
		B88A58531BEAD859003E0957 /* 37Bronk.mp3 in Resources */ = {isa = PBXBuildFile; fileRef = B88A58461BEAD859003E0957 /* 37Bronk.mp3 */; };
		B88A58541BEAD859003E0957 /* 1003.WAV in Resources */ = {isa = PBXBuildFile; fileRef = B88A58471BEAD859003E0957 /* 1003.WAV */; };
		B88A58551BEAD859003E0957 /* 1007.WAV in Resources */ = {isa = PBXBuildFile; fileRef = B88A58481BEAD859003E0957 /* 1007.WAV */; };
		B88A58561BEAD859003E0957 /* 1023.WAV in Resources */ = {isa = PBXBuildFile; fileRef = B88A58491BEAD859003E0957 /* 1023.WAV */; };
		B88A58571BEAD859003E0957 /* MarkMyWordBGCleaniPad@2x.png in Resources */ = {isa = PBXBuildFile; fileRef = B88A584A1BEAD859003E0957 /* MarkMyWordBGCleaniPad@2x.png */; };
		B88A58581BEAD859003E0957 /* MeyamaSplashScreen_iPad.jpg in Resources */ = {isa = PBXBuildFile; fileRef = B88A584B1BEAD859003E0957 /* MeyamaSplashScreen_iPad.jpg */; };
		B88A58591BEAD859003E0957 /* MeyamaSplashScreen_iPad@2x.jpg in Resources */ = {isa = PBXBuildFile; fileRef = B88A584C1BEAD859003E0957 /* MeyamaSplashScreen_iPad@2x.jpg */; };
		B88A585A1BEAD859003E0957 /* MMWOptionsScreen.png in Resources */ = {isa = PBXBuildFile; fileRef = B88A584D1BEAD859003E0957 /* MMWOptionsScreen.png */; };
		B88A585B1BEAD859003E0957 /* NewTilesButton.png in Resources */ = {isa = PBXBuildFile; fileRef = B88A584E1BEAD859003E0957 /* NewTilesButton.png */; };
		B88A585C1BEAD859003E0957 /* OptionsButton.png in Resources */ = {isa = PBXBuildFile; fileRef = B88A584F1BEAD859003E0957 /* OptionsButton.png */; };
		B88A585D1BEAD859003E0957 /* PassButton.png in Resources */ = {isa = PBXBuildFile; fileRef = B88A58501BEAD859003E0957 /* PassButton.png */; };
		B88A585E1BEAD859003E0957 /* PauseButton.png in Resources */ = {isa = PBXBuildFile; fileRef = B88A58511BEAD859003E0957 /* PauseButton.png */; };
		B88A585F1BEAD859003E0957 /* PlayButton.png in Resources */ = {isa = PBXBuildFile; fileRef = B88A58521BEAD859003E0957 /* PlayButton.png */; };
		B88A58611BEAD951003E0957 /* PlayerBG.png in Resources */ = {isa = PBXBuildFile; fileRef = B88A58601BEAD951003E0957 /* PlayerBG.png */; };
		B88A58641BEAD969003E0957 /* MMWPlayerTilesGrid.png in Resources */ = {isa = PBXBuildFile; fileRef = B88A58621BEAD969003E0957 /* MMWPlayerTilesGrid.png */; };
		B88A58651BEAD969003E0957 /* MMWPlayerTilesPlaque.png in Resources */ = {isa = PBXBuildFile; fileRef = B88A58631BEAD969003E0957 /* MMWPlayerTilesPlaque.png */; };
		B88A58671BEAD978003E0957 /* yellowPlayer.png in Resources */ = {isa = PBXBuildFile; fileRef = B88A58661BEAD978003E0957 /* yellowPlayer.png */; };
		B88A586A1BEAD9D5003E0957 /* Tile3D95x.png in Resources */ = {isa = PBXBuildFile; fileRef = B88A58691BEAD9D5003E0957 /* Tile3D95x.png */; };
		B88A586C1BEADA46003E0957 /* Tile3D100xGLOW.png in Resources */ = {isa = PBXBuildFile; fileRef = B88A586B1BEADA46003E0957 /* Tile3D100xGLOW.png */; };
		B88A586E1BEADA57003E0957 /* Tile3D95xBack.png in Resources */ = {isa = PBXBuildFile; fileRef = B88A586D1BEADA57003E0957 /* Tile3D95xBack.png */; };
		B88A58701BEADA6F003E0957 /* TileShadow90x90.png in Resources */ = {isa = PBXBuildFile; fileRef = B88A586F1BEADA6F003E0957 /* TileShadow90x90.png */; };
		B8A455161AF15A1400C0D83B /* MainMenuScene.swift in Sources */ = {isa = PBXBuildFile; fileRef = B8A455141AF15A1400C0D83B /* MainMenuScene.swift */; };
		B8A455171AF15A1400C0D83B /* GameViewController.swift in Sources */ = {isa = PBXBuildFile; fileRef = B8A455151AF15A1400C0D83B /* GameViewController.swift */; };
		B8AA6C081B2A481600DEAC41 /* MMWTileBuilder.swift in Sources */ = {isa = PBXBuildFile; fileRef = B8AA6C071B2A481600DEAC41 /* MMWTileBuilder.swift */; };
		B8B2CACC1ADADD9100C9DEE7 /* 5-LetterWords.txt in Resources */ = {isa = PBXBuildFile; fileRef = B8B2CA871ADADD9000C9DEE7 /* 5-LetterWords.txt */; };
		B8B49DBB1AF1AF610086154C /* MMWResultsScene.swift in Sources */ = {isa = PBXBuildFile; fileRef = B8B49DBA1AF1AF610086154C /* MMWResultsScene.swift */; };
		B8B5E1EA1BB707FC00AD876E /* TrieElement.swift in Sources */ = {isa = PBXBuildFile; fileRef = B8B5E1E91BB707FC00AD876E /* TrieElement.swift */; };
		B8C14EF11AF27E5100E640C0 /* LetterTileSprite.swift in Sources */ = {isa = PBXBuildFile; fileRef = B8C14EF01AF27E5100E640C0 /* LetterTileSprite.swift */; };
		B8CB742F1AF9260400AE5F40 /* Grid.swift in Sources */ = {isa = PBXBuildFile; fileRef = B8CB742E1AF9260400AE5F40 /* Grid.swift */; };
		B8CCE1A21AD8C13500882391 /* AppDelegate.swift in Sources */ = {isa = PBXBuildFile; fileRef = B8CCE1A11AD8C13500882391 /* AppDelegate.swift */; };
		B8CCE1A41AD8C13500882391 /* GameScene.sks in Resources */ = {isa = PBXBuildFile; fileRef = B8CCE1A31AD8C13500882391 /* GameScene.sks */; };
		B8CCE1A61AD8C13500882391 /* MMWGameScene.swift in Sources */ = {isa = PBXBuildFile; fileRef = B8CCE1A51AD8C13500882391 /* MMWGameScene.swift */; };
		B8CCE1A81AD8C13500882391 /* MMWGameSceneViewController.swift in Sources */ = {isa = PBXBuildFile; fileRef = B8CCE1A71AD8C13500882391 /* MMWGameSceneViewController.swift */; };
		B8CCE1AB1AD8C13500882391 /* Main.storyboard in Resources */ = {isa = PBXBuildFile; fileRef = B8CCE1A91AD8C13500882391 /* Main.storyboard */; };
		B8CCE1AD1AD8C13500882391 /* Images.xcassets in Resources */ = {isa = PBXBuildFile; fileRef = B8CCE1AC1AD8C13500882391 /* Images.xcassets */; };
		B8CCE1B01AD8C13500882391 /* LaunchScreen.xib in Resources */ = {isa = PBXBuildFile; fileRef = B8CCE1AE1AD8C13500882391 /* LaunchScreen.xib */; };
		B8CCE1BC1AD8C13500882391 /* MarkMyWordTests.swift in Sources */ = {isa = PBXBuildFile; fileRef = B8CCE1BB1AD8C13500882391 /* MarkMyWordTests.swift */; };
		B8D130E71AFD635500865982 /* PlayerView.swift in Sources */ = {isa = PBXBuildFile; fileRef = B8D130E61AFD635500865982 /* PlayerView.swift */; };
		B8D789281B0C3A0300C3DC36 /* MMWGame.swift in Sources */ = {isa = PBXBuildFile; fileRef = B8D789271B0C3A0300C3DC36 /* MMWGame.swift */; };
		B8E874E61AE17E0000763849 /* MMWTile.swift in Sources */ = {isa = PBXBuildFile; fileRef = B8E874E51AE17E0000763849 /* MMWTile.swift */; };
		B8FA8FA21AE9DC93007CF07C /* GameData.swift in Sources */ = {isa = PBXBuildFile; fileRef = B8FA8FA11AE9DC93007CF07C /* GameData.swift */; };
		B8FA8FA71AE9DD7F007CF07C /* particle.png in Resources */ = {isa = PBXBuildFile; fileRef = B8FA8FA61AE9DD7F007CF07C /* particle.png */; };
		B8FA8FA91AE9DDB5007CF07C /* Config.swift in Sources */ = {isa = PBXBuildFile; fileRef = B8FA8FA81AE9DDB5007CF07C /* Config.swift */; };
		B8FFF25E1BE96E2E006D2010 /* MagicParticle.sks in Resources */ = {isa = PBXBuildFile; fileRef = B8FFF25C1BE96E2E006D2010 /* MagicParticle.sks */; };
		B8FFF25F1BE96E2E006D2010 /* spark.png in Resources */ = {isa = PBXBuildFile; fileRef = B8FFF25D1BE96E2E006D2010 /* spark.png */; };
/* End PBXBuildFile section */

/* Begin PBXContainerItemProxy section */
		B8CCE1B61AD8C13500882391 /* PBXContainerItemProxy */ = {
			isa = PBXContainerItemProxy;
			containerPortal = B8CCE1941AD8C13500882391 /* Project object */;
			proxyType = 1;
			remoteGlobalIDString = B8CCE19B1AD8C13500882391;
			remoteInfo = MarkMyWord;
		};
/* End PBXContainerItemProxy section */

/* Begin PBXFileReference section */
		B808A42D1B9A0C000070A1A6 /* Trie.swift */ = {isa = PBXFileReference; fileEncoding = 4; lastKnownFileType = sourcecode.swift; path = Trie.swift; sourceTree = "<group>"; };
		B812D01E1BEAFE5100058683 /* 30Showdown.m4a */ = {isa = PBXFileReference; lastKnownFileType = file; path = 30Showdown.m4a; sourceTree = "<group>"; };
		B820241E1B65BFD0004E413A /* StreamReader.swift */ = {isa = PBXFileReference; fileEncoding = 4; lastKnownFileType = sourcecode.swift; path = StreamReader.swift; sourceTree = "<group>"; };
		B82786141B05585D00916E20 /* Player.swift */ = {isa = PBXFileReference; fileEncoding = 4; lastKnownFileType = sourcecode.swift; path = Player.swift; sourceTree = "<group>"; };
		B8361E381BE2AAC1000CEB0E /* WordList5LetterNoDup.txt */ = {isa = PBXFileReference; fileEncoding = 4; lastKnownFileType = text; path = WordList5LetterNoDup.txt; sourceTree = "<group>"; };
		B84EBE951BE14700008B6B12 /* WordList1to3LetterNoDup.txt */ = {isa = PBXFileReference; fileEncoding = 4; lastKnownFileType = text; path = WordList1to3LetterNoDup.txt; sourceTree = "<group>"; };
		B84EBE961BE14700008B6B12 /* WordList4LetterNoDup.txt */ = {isa = PBXFileReference; fileEncoding = 4; lastKnownFileType = text; path = WordList4LetterNoDup.txt; sourceTree = "<group>"; };
		B86530641BB7114F00A6A471 /* TrieTests.swift */ = {isa = PBXFileReference; fileEncoding = 4; lastKnownFileType = sourcecode.swift; path = TrieTests.swift; sourceTree = "<group>"; };
		B879D8F01BDDCE4E0088A5A4 /* enable1WordListMod.txt */ = {isa = PBXFileReference; fileEncoding = 4; lastKnownFileType = text; path = enable1WordListMod.txt; sourceTree = "<group>"; };
		B88118DB1BEAA32A003E74E5 /* WordList6LetterNoDup.txt */ = {isa = PBXFileReference; fileEncoding = 4; lastKnownFileType = text; path = WordList6LetterNoDup.txt; sourceTree = "<group>"; };
		B88A58461BEAD859003E0957 /* 37Bronk.mp3 */ = {isa = PBXFileReference; lastKnownFileType = audio.mp3; path = 37Bronk.mp3; sourceTree = "<group>"; };
		B88A58471BEAD859003E0957 /* 1003.WAV */ = {isa = PBXFileReference; lastKnownFileType = audio.wav; path = 1003.WAV; sourceTree = "<group>"; };
		B88A58481BEAD859003E0957 /* 1007.WAV */ = {isa = PBXFileReference; lastKnownFileType = audio.wav; path = 1007.WAV; sourceTree = "<group>"; };
		B88A58491BEAD859003E0957 /* 1023.WAV */ = {isa = PBXFileReference; lastKnownFileType = audio.wav; path = 1023.WAV; sourceTree = "<group>"; };
		B88A584A1BEAD859003E0957 /* MarkMyWordBGCleaniPad@2x.png */ = {isa = PBXFileReference; lastKnownFileType = image.png; path = "MarkMyWordBGCleaniPad@2x.png"; sourceTree = "<group>"; };
		B88A584B1BEAD859003E0957 /* MeyamaSplashScreen_iPad.jpg */ = {isa = PBXFileReference; lastKnownFileType = image.jpeg; path = MeyamaSplashScreen_iPad.jpg; sourceTree = "<group>"; };
		B88A584C1BEAD859003E0957 /* MeyamaSplashScreen_iPad@2x.jpg */ = {isa = PBXFileReference; lastKnownFileType = image.jpeg; path = "MeyamaSplashScreen_iPad@2x.jpg"; sourceTree = "<group>"; };
		B88A584D1BEAD859003E0957 /* MMWOptionsScreen.png */ = {isa = PBXFileReference; lastKnownFileType = image.png; path = MMWOptionsScreen.png; sourceTree = "<group>"; };
		B88A584E1BEAD859003E0957 /* NewTilesButton.png */ = {isa = PBXFileReference; lastKnownFileType = image.png; path = NewTilesButton.png; sourceTree = "<group>"; };
		B88A584F1BEAD859003E0957 /* OptionsButton.png */ = {isa = PBXFileReference; lastKnownFileType = image.png; path = OptionsButton.png; sourceTree = "<group>"; };
		B88A58501BEAD859003E0957 /* PassButton.png */ = {isa = PBXFileReference; lastKnownFileType = image.png; path = PassButton.png; sourceTree = "<group>"; };
		B88A58511BEAD859003E0957 /* PauseButton.png */ = {isa = PBXFileReference; lastKnownFileType = image.png; path = PauseButton.png; sourceTree = "<group>"; };
		B88A58521BEAD859003E0957 /* PlayButton.png */ = {isa = PBXFileReference; lastKnownFileType = image.png; path = PlayButton.png; sourceTree = "<group>"; };
		B88A58601BEAD951003E0957 /* PlayerBG.png */ = {isa = PBXFileReference; lastKnownFileType = image.png; path = PlayerBG.png; sourceTree = "<group>"; };
		B88A58621BEAD969003E0957 /* MMWPlayerTilesGrid.png */ = {isa = PBXFileReference; lastKnownFileType = image.png; path = MMWPlayerTilesGrid.png; sourceTree = "<group>"; };
		B88A58631BEAD969003E0957 /* MMWPlayerTilesPlaque.png */ = {isa = PBXFileReference; lastKnownFileType = image.png; path = MMWPlayerTilesPlaque.png; sourceTree = "<group>"; };
		B88A58661BEAD978003E0957 /* yellowPlayer.png */ = {isa = PBXFileReference; lastKnownFileType = image.png; path = yellowPlayer.png; sourceTree = "<group>"; };
		B88A58691BEAD9D5003E0957 /* Tile3D95x.png */ = {isa = PBXFileReference; lastKnownFileType = image.png; path = Tile3D95x.png; sourceTree = "<group>"; };
		B88A586B1BEADA46003E0957 /* Tile3D100xGLOW.png */ = {isa = PBXFileReference; lastKnownFileType = image.png; path = Tile3D100xGLOW.png; sourceTree = "<group>"; };
		B88A586D1BEADA57003E0957 /* Tile3D95xBack.png */ = {isa = PBXFileReference; lastKnownFileType = image.png; path = Tile3D95xBack.png; sourceTree = "<group>"; };
		B88A586F1BEADA6F003E0957 /* TileShadow90x90.png */ = {isa = PBXFileReference; lastKnownFileType = image.png; path = TileShadow90x90.png; sourceTree = "<group>"; };
		B8A455141AF15A1400C0D83B /* MainMenuScene.swift */ = {isa = PBXFileReference; fileEncoding = 4; lastKnownFileType = sourcecode.swift; path = MainMenuScene.swift; sourceTree = "<group>"; };
		B8A455151AF15A1400C0D83B /* GameViewController.swift */ = {isa = PBXFileReference; fileEncoding = 4; lastKnownFileType = sourcecode.swift; path = GameViewController.swift; sourceTree = "<group>"; };
		B8AA6C071B2A481600DEAC41 /* MMWTileBuilder.swift */ = {isa = PBXFileReference; fileEncoding = 4; lastKnownFileType = sourcecode.swift; path = MMWTileBuilder.swift; sourceTree = "<group>"; };
		B8B2CA871ADADD9000C9DEE7 /* 5-LetterWords.txt */ = {isa = PBXFileReference; fileEncoding = 4; lastKnownFileType = text; path = "5-LetterWords.txt"; sourceTree = "<group>"; };
		B8B49DBA1AF1AF610086154C /* MMWResultsScene.swift */ = {isa = PBXFileReference; fileEncoding = 4; lastKnownFileType = sourcecode.swift; path = MMWResultsScene.swift; sourceTree = "<group>"; };
		B8B5E1E91BB707FC00AD876E /* TrieElement.swift */ = {isa = PBXFileReference; fileEncoding = 4; lastKnownFileType = sourcecode.swift; path = TrieElement.swift; sourceTree = "<group>"; };
		B8C14EF01AF27E5100E640C0 /* LetterTileSprite.swift */ = {isa = PBXFileReference; fileEncoding = 4; lastKnownFileType = sourcecode.swift; path = LetterTileSprite.swift; sourceTree = "<group>"; };
		B8CB742E1AF9260400AE5F40 /* Grid.swift */ = {isa = PBXFileReference; fileEncoding = 4; lastKnownFileType = sourcecode.swift; path = Grid.swift; sourceTree = "<group>"; };
		B8CCE19C1AD8C13500882391 /* MarkMyWord.app */ = {isa = PBXFileReference; explicitFileType = wrapper.application; includeInIndex = 0; path = MarkMyWord.app; sourceTree = BUILT_PRODUCTS_DIR; };
		B8CCE1A01AD8C13500882391 /* Info.plist */ = {isa = PBXFileReference; lastKnownFileType = text.plist.xml; path = Info.plist; sourceTree = "<group>"; };
		B8CCE1A11AD8C13500882391 /* AppDelegate.swift */ = {isa = PBXFileReference; lastKnownFileType = sourcecode.swift; path = AppDelegate.swift; sourceTree = "<group>"; };
		B8CCE1A31AD8C13500882391 /* GameScene.sks */ = {isa = PBXFileReference; lastKnownFileType = file.sks; path = GameScene.sks; sourceTree = "<group>"; };
		B8CCE1A51AD8C13500882391 /* MMWGameScene.swift */ = {isa = PBXFileReference; lastKnownFileType = sourcecode.swift; path = MMWGameScene.swift; sourceTree = "<group>"; };
		B8CCE1A71AD8C13500882391 /* MMWGameSceneViewController.swift */ = {isa = PBXFileReference; lastKnownFileType = sourcecode.swift; path = MMWGameSceneViewController.swift; sourceTree = "<group>"; };
		B8CCE1AA1AD8C13500882391 /* Base */ = {isa = PBXFileReference; lastKnownFileType = file.storyboard; name = Base; path = Base.lproj/Main.storyboard; sourceTree = "<group>"; };
		B8CCE1AC1AD8C13500882391 /* Images.xcassets */ = {isa = PBXFileReference; lastKnownFileType = folder.assetcatalog; path = Images.xcassets; sourceTree = "<group>"; };
		B8CCE1AF1AD8C13500882391 /* Base */ = {isa = PBXFileReference; lastKnownFileType = file.xib; name = Base; path = Base.lproj/LaunchScreen.xib; sourceTree = "<group>"; };
		B8CCE1B51AD8C13500882391 /* MarkMyWordTests.xctest */ = {isa = PBXFileReference; explicitFileType = wrapper.cfbundle; includeInIndex = 0; path = MarkMyWordTests.xctest; sourceTree = BUILT_PRODUCTS_DIR; };
		B8CCE1BA1AD8C13500882391 /* Info.plist */ = {isa = PBXFileReference; lastKnownFileType = text.plist.xml; path = Info.plist; sourceTree = "<group>"; };
		B8CCE1BB1AD8C13500882391 /* MarkMyWordTests.swift */ = {isa = PBXFileReference; lastKnownFileType = sourcecode.swift; path = MarkMyWordTests.swift; sourceTree = "<group>"; };
		B8D130E21AFD44A100865982 /* MeyamaSplashScreen_iPad.jpg */ = {isa = PBXFileReference; lastKnownFileType = image.jpeg; path = MeyamaSplashScreen_iPad.jpg; sourceTree = "<group>"; };
		B8D130E31AFD44A100865982 /* MeyamaSplashScreen_iPad@2x.jpg */ = {isa = PBXFileReference; lastKnownFileType = image.jpeg; path = "MeyamaSplashScreen_iPad@2x.jpg"; sourceTree = "<group>"; };
		B8D130E61AFD635500865982 /* PlayerView.swift */ = {isa = PBXFileReference; fileEncoding = 4; lastKnownFileType = sourcecode.swift; path = PlayerView.swift; sourceTree = "<group>"; };
		B8D789271B0C3A0300C3DC36 /* MMWGame.swift */ = {isa = PBXFileReference; fileEncoding = 4; lastKnownFileType = sourcecode.swift; path = MMWGame.swift; sourceTree = "<group>"; };
		B8E874E51AE17E0000763849 /* MMWTile.swift */ = {isa = PBXFileReference; fileEncoding = 4; lastKnownFileType = sourcecode.swift; path = MMWTile.swift; sourceTree = "<group>"; };
		B8FA8FA11AE9DC93007CF07C /* GameData.swift */ = {isa = PBXFileReference; fileEncoding = 4; lastKnownFileType = sourcecode.swift; path = GameData.swift; sourceTree = "<group>"; };
		B8FA8FA51AE9DD70007CF07C /* Comic_Andy.ttf */ = {isa = PBXFileReference; lastKnownFileType = file; path = Comic_Andy.ttf; sourceTree = "<group>"; };
		B8FA8FA61AE9DD7F007CF07C /* particle.png */ = {isa = PBXFileReference; lastKnownFileType = image.png; path = particle.png; sourceTree = "<group>"; };
		B8FA8FA81AE9DDB5007CF07C /* Config.swift */ = {isa = PBXFileReference; fileEncoding = 4; lastKnownFileType = sourcecode.swift; path = Config.swift; sourceTree = "<group>"; };
		B8FFF25C1BE96E2E006D2010 /* MagicParticle.sks */ = {isa = PBXFileReference; lastKnownFileType = file.sks; path = MagicParticle.sks; sourceTree = "<group>"; };
		B8FFF25D1BE96E2E006D2010 /* spark.png */ = {isa = PBXFileReference; lastKnownFileType = image.png; path = spark.png; sourceTree = "<group>"; };
/* End PBXFileReference section */

/* Begin PBXFrameworksBuildPhase section */
		B8CCE1991AD8C13500882391 /* Frameworks */ = {
			isa = PBXFrameworksBuildPhase;
			buildActionMask = 2147483647;
			files = (
			);
			runOnlyForDeploymentPostprocessing = 0;
		};
		B8CCE1B21AD8C13500882391 /* Frameworks */ = {
			isa = PBXFrameworksBuildPhase;
			buildActionMask = 2147483647;
			files = (
			);
			runOnlyForDeploymentPostprocessing = 0;
		};
/* End PBXFrameworksBuildPhase section */

/* Begin PBXGroup section */
		B82786111B05493C00916E20 /* Archive */ = {
			isa = PBXGroup;
			children = (
			);
			name = Archive;
			sourceTree = "<group>";
		};
		B82D49391B908C5600607595 /* WM */ = {
			isa = PBXGroup;
			children = (
				B8B2CA871ADADD9000C9DEE7 /* 5-LetterWords.txt */,
			);
			name = WM;
			sourceTree = "<group>";
		};
		B85B16251B0FDE6C00E58214 /* MMW */ = {
			isa = PBXGroup;
			children = (
				B8E874E51AE17E0000763849 /* MMWTile.swift */,
				B8AA6C071B2A481600DEAC41 /* MMWTileBuilder.swift */,
				B82786141B05585D00916E20 /* Player.swift */,
				B8CB742E1AF9260400AE5F40 /* Grid.swift */,
				B8FA8FA11AE9DC93007CF07C /* GameData.swift */,
			);
			name = MMW;
			sourceTree = "<group>";
		};
		B88118DA1BEA90AA003E74E5 /* H WordLists */ = {
			isa = PBXGroup;
			children = (
			);
			name = "H WordLists";
			sourceTree = "<group>";
		};
		B88A58431BEAD050003E0957 /* Tools */ = {
			isa = PBXGroup;
			children = (
				B820241E1B65BFD0004E413A /* StreamReader.swift */,
				B808A42D1B9A0C000070A1A6 /* Trie.swift */,
				B8B5E1E91BB707FC00AD876E /* TrieElement.swift */,
			);
			name = Tools;
			sourceTree = "<group>";
		};
		B88A58441BEAD089003E0957 /* Effects */ = {
			isa = PBXGroup;
			children = (
				B8FFF25C1BE96E2E006D2010 /* MagicParticle.sks */,
				B8FFF25D1BE96E2E006D2010 /* spark.png */,
			);
			name = Effects;
			sourceTree = "<group>";
		};
		B88A58451BEAD0AA003E0957 /* Scenes */ = {
			isa = PBXGroup;
			children = (
				B8A455141AF15A1400C0D83B /* MainMenuScene.swift */,
				B8CCE1A51AD8C13500882391 /* MMWGameScene.swift */,
				B8B49DBA1AF1AF610086154C /* MMWResultsScene.swift */,
			);
			name = Scenes;
			sourceTree = "<group>";
		};
		B88A58681BEAD9CA003E0957 /* tiles */ = {
			isa = PBXGroup;
			children = (
				B88A58691BEAD9D5003E0957 /* Tile3D95x.png */,
				B88A586D1BEADA57003E0957 /* Tile3D95xBack.png */,
				B88A586F1BEADA6F003E0957 /* TileShadow90x90.png */,
				B88A586B1BEADA46003E0957 /* Tile3D100xGLOW.png */,
			);
			name = tiles;
			sourceTree = "<group>";
		};
		B8A4551A1AF1702200C0D83B /* PLACEHOLDER */ = {
			isa = PBXGroup;
			children = (
			);
			name = PLACEHOLDER;
			sourceTree = "<group>";
		};
		B8B2CA7F1ADADD5F00C9DEE7 /* WordLists */ = {
			isa = PBXGroup;
			children = (
				B84EBE951BE14700008B6B12 /* WordList1to3LetterNoDup.txt */,
				B84EBE961BE14700008B6B12 /* WordList4LetterNoDup.txt */,
				B8361E381BE2AAC1000CEB0E /* WordList5LetterNoDup.txt */,
				B88118DB1BEAA32A003E74E5 /* WordList6LetterNoDup.txt */,
				B82D49391B908C5600607595 /* WM */,
				B88118DA1BEA90AA003E74E5 /* H WordLists */,
				B879D8F01BDDCE4E0088A5A4 /* enable1WordListMod.txt */,
			);
			name = WordLists;
			sourceTree = "<group>";
		};
		B8B5BCB21B44B9EE00AC1A69 /* buttons */ = {
			isa = PBXGroup;
			children = (
				B88A584E1BEAD859003E0957 /* NewTilesButton.png */,
				B88A584F1BEAD859003E0957 /* OptionsButton.png */,
				B88A58501BEAD859003E0957 /* PassButton.png */,
				B88A58511BEAD859003E0957 /* PauseButton.png */,
				B88A58521BEAD859003E0957 /* PlayButton.png */,
			);
			name = buttons;
			sourceTree = "<group>";
		};
		B8B5BCBB1B44BA4200AC1A69 /* temp */ = {
			isa = PBXGroup;
			children = (
			);
			name = temp;
			sourceTree = "<group>";
		};
		B8C900561B011DEE00C72745 /* icons */ = {
			isa = PBXGroup;
			children = (
			);
			name = icons;
			sourceTree = "<group>";
		};
		B8C900671B01201600C72745 /* launchScreens */ = {
			isa = PBXGroup;
			children = (
			);
			name = launchScreens;
			sourceTree = "<group>";
		};
		B8C900681B01203A00C72745 /* backgrounds */ = {
			isa = PBXGroup;
			children = (
				B8D130E21AFD44A100865982 /* MeyamaSplashScreen_iPad.jpg */,
				B8D130E31AFD44A100865982 /* MeyamaSplashScreen_iPad@2x.jpg */,
				B88A584A1BEAD859003E0957 /* MarkMyWordBGCleaniPad@2x.png */,
				B88A584B1BEAD859003E0957 /* MeyamaSplashScreen_iPad.jpg */,
				B88A584C1BEAD859003E0957 /* MeyamaSplashScreen_iPad@2x.jpg */,
				B88A584D1BEAD859003E0957 /* MMWOptionsScreen.png */,
			);
			name = backgrounds;
			sourceTree = "<group>";
		};
		B8C900771B01404500C72745 /* player */ = {
			isa = PBXGroup;
			children = (
				B88A58601BEAD951003E0957 /* PlayerBG.png */,
				B88A58621BEAD969003E0957 /* MMWPlayerTilesGrid.png */,
				B88A58631BEAD969003E0957 /* MMWPlayerTilesPlaque.png */,
				B88A58661BEAD978003E0957 /* yellowPlayer.png */,
			);
			name = player;
			sourceTree = "<group>";
		};
		B8CCE1931AD8C13500882391 = {
			isa = PBXGroup;
			children = (
				B8CCE19E1AD8C13500882391 /* MarkMyWord */,
				B8CCE1B81AD8C13500882391 /* MarkMyWordTests */,
				B8CCE19D1AD8C13500882391 /* Products */,
			);
			sourceTree = "<group>";
		};
		B8CCE19D1AD8C13500882391 /* Products */ = {
			isa = PBXGroup;
			children = (
				B8CCE19C1AD8C13500882391 /* MarkMyWord.app */,
				B8CCE1B51AD8C13500882391 /* MarkMyWordTests.xctest */,
			);
			name = Products;
			sourceTree = "<group>";
		};
		B8CCE19E1AD8C13500882391 /* MarkMyWord */ = {
			isa = PBXGroup;
			children = (
				B8DA7EC41AE136CA003FE2C6 /* Assets */,
				B8DA7EC01AE1369F003FE2C6 /* Classes */,
				B8CCE1A11AD8C13500882391 /* AppDelegate.swift */,
				B8CCE1A91AD8C13500882391 /* Main.storyboard */,
				B8D789271B0C3A0300C3DC36 /* MMWGame.swift */,
				B8CCE1A31AD8C13500882391 /* GameScene.sks */,
				B8CCE1AC1AD8C13500882391 /* Images.xcassets */,
				B8CCE1AE1AD8C13500882391 /* LaunchScreen.xib */,
				B8CCE19F1AD8C13500882391 /* Supporting Files */,
			);
			path = MarkMyWord;
			sourceTree = "<group>";
		};
		B8CCE19F1AD8C13500882391 /* Supporting Files */ = {
			isa = PBXGroup;
			children = (
				B8CCE1A01AD8C13500882391 /* Info.plist */,
			);
			name = "Supporting Files";
			sourceTree = "<group>";
		};
		B8CCE1B81AD8C13500882391 /* MarkMyWordTests */ = {
			isa = PBXGroup;
			children = (
				B86530641BB7114F00A6A471 /* TrieTests.swift */,
				B8CCE1BB1AD8C13500882391 /* MarkMyWordTests.swift */,
				B8CCE1B91AD8C13500882391 /* Supporting Files */,
			);
			path = MarkMyWordTests;
			sourceTree = "<group>";
		};
		B8CCE1B91AD8C13500882391 /* Supporting Files */ = {
			isa = PBXGroup;
			children = (
				B8CCE1BA1AD8C13500882391 /* Info.plist */,
			);
			name = "Supporting Files";
			sourceTree = "<group>";
		};
		B8DA7EC01AE1369F003FE2C6 /* Classes */ = {
			isa = PBXGroup;
			children = (
				B82786111B05493C00916E20 /* Archive */,
				B8DA7EC11AE136AC003FE2C6 /* Models */,
				B8DA7EC21AE136B4003FE2C6 /* Views */,
				B8DA7EC31AE136BC003FE2C6 /* Controllers */,
			);
			name = Classes;
			sourceTree = "<group>";
		};
		B8DA7EC11AE136AC003FE2C6 /* Models */ = {
			isa = PBXGroup;
			children = (
				B8FA8FA81AE9DDB5007CF07C /* Config.swift */,
				B88A58431BEAD050003E0957 /* Tools */,
				B85B16251B0FDE6C00E58214 /* MMW */,
			);
			name = Models;
			sourceTree = "<group>";
		};
		B8DA7EC21AE136B4003FE2C6 /* Views */ = {
			isa = PBXGroup;
			children = (
				B88A58451BEAD0AA003E0957 /* Scenes */,
				B8D130E61AFD635500865982 /* PlayerView.swift */,
				B8C14EF01AF27E5100E640C0 /* LetterTileSprite.swift */,
				B88A58441BEAD089003E0957 /* Effects */,
			);
			name = Views;
			sourceTree = "<group>";
		};
		B8DA7EC31AE136BC003FE2C6 /* Controllers */ = {
			isa = PBXGroup;
			children = (
				B8A455151AF15A1400C0D83B /* GameViewController.swift */,
				B8CCE1A71AD8C13500882391 /* MMWGameSceneViewController.swift */,
			);
			name = Controllers;
			sourceTree = "<group>";
		};
		B8DA7EC41AE136CA003FE2C6 /* Assets */ = {
			isa = PBXGroup;
			children = (
				B8A4551A1AF1702200C0D83B /* PLACEHOLDER */,
				B8F264F71AE1D5170072B9D4 /* Animations */,
				B8DA7EC61AE136DC003FE2C6 /* Audio */,
				B8DA7EC81AE136F4003FE2C6 /* Fonts */,
				B8DA7EC51AE136D3003FE2C6 /* Images */,
				B8DA7EC71AE136EC003FE2C6 /* Particles */,
				B8F264F81AE1DEA20072B9D4 /* Strings */,
				B8B2CA7F1ADADD5F00C9DEE7 /* WordLists */,
			);
			name = Assets;
			sourceTree = "<group>";
		};
		B8DA7EC51AE136D3003FE2C6 /* Images */ = {
			isa = PBXGroup;
			children = (
				B88A58681BEAD9CA003E0957 /* tiles */,
				B8B5BCBB1B44BA4200AC1A69 /* temp */,
				B8B5BCB21B44B9EE00AC1A69 /* buttons */,
				B8C900771B01404500C72745 /* player */,
				B8C900681B01203A00C72745 /* backgrounds */,
				B8C900671B01201600C72745 /* launchScreens */,
				B8C900561B011DEE00C72745 /* icons */,
			);
			name = Images;
			sourceTree = "<group>";
		};
		B8DA7EC61AE136DC003FE2C6 /* Audio */ = {
			isa = PBXGroup;
			children = (
				B8DA7EDE1AE13A83003FE2C6 /* SoundEffects */,
				B8DA7EDD1AE13A7A003FE2C6 /* Speech */,
				B8DA7EDC1AE13A71003FE2C6 /* Music */,
				B8DA7EDB1AE13978003FE2C6 /* PLACEHOLDER */,
			);
			name = Audio;
			sourceTree = "<group>";
		};
		B8DA7EC71AE136EC003FE2C6 /* Particles */ = {
			isa = PBXGroup;
			children = (
				B8FA8FA61AE9DD7F007CF07C /* particle.png */,
			);
			name = Particles;
			sourceTree = "<group>";
		};
		B8DA7EC81AE136F4003FE2C6 /* Fonts */ = {
			isa = PBXGroup;
			children = (
				B8FA8FA51AE9DD70007CF07C /* Comic_Andy.ttf */,
			);
			name = Fonts;
			sourceTree = "<group>";
		};
		B8DA7EDB1AE13978003FE2C6 /* PLACEHOLDER */ = {
			isa = PBXGroup;
			children = (
			);
			name = PLACEHOLDER;
			sourceTree = "<group>";
		};
		B8DA7EDC1AE13A71003FE2C6 /* Music */ = {
			isa = PBXGroup;
			children = (
				B812D01E1BEAFE5100058683 /* 30Showdown.m4a */,
			);
			name = Music;
			sourceTree = "<group>";
		};
		B8DA7EDD1AE13A7A003FE2C6 /* Speech */ = {
			isa = PBXGroup;
			children = (
			);
			name = Speech;
			sourceTree = "<group>";
		};
		B8DA7EDE1AE13A83003FE2C6 /* SoundEffects */ = {
			isa = PBXGroup;
			children = (
				B88A58461BEAD859003E0957 /* 37Bronk.mp3 */,
				B88A58471BEAD859003E0957 /* 1003.WAV */,
				B88A58481BEAD859003E0957 /* 1007.WAV */,
				B88A58491BEAD859003E0957 /* 1023.WAV */,
			);
			name = SoundEffects;
			sourceTree = "<group>";
		};
		B8F264F71AE1D5170072B9D4 /* Animations */ = {
			isa = PBXGroup;
			children = (
			);
			name = Animations;
			sourceTree = "<group>";
		};
		B8F264F81AE1DEA20072B9D4 /* Strings */ = {
			isa = PBXGroup;
			children = (
			);
			name = Strings;
			sourceTree = "<group>";
		};
/* End PBXGroup section */

/* Begin PBXNativeTarget section */
		B8CCE19B1AD8C13500882391 /* MarkMyWord */ = {
			isa = PBXNativeTarget;
			buildConfigurationList = B8CCE1BF1AD8C13500882391 /* Build configuration list for PBXNativeTarget "MarkMyWord" */;
			buildPhases = (
				B8CCE1981AD8C13500882391 /* Sources */,
				B8CCE1991AD8C13500882391 /* Frameworks */,
				B8CCE19A1AD8C13500882391 /* Resources */,
			);
			buildRules = (
			);
			dependencies = (
			);
			name = MarkMyWord;
			productName = MarkMyWord;
			productReference = B8CCE19C1AD8C13500882391 /* MarkMyWord.app */;
			productType = "com.apple.product-type.application";
		};
		B8CCE1B41AD8C13500882391 /* MarkMyWordTests */ = {
			isa = PBXNativeTarget;
			buildConfigurationList = B8CCE1C21AD8C13500882391 /* Build configuration list for PBXNativeTarget "MarkMyWordTests" */;
			buildPhases = (
				B8CCE1B11AD8C13500882391 /* Sources */,
				B8CCE1B21AD8C13500882391 /* Frameworks */,
				B8CCE1B31AD8C13500882391 /* Resources */,
			);
			buildRules = (
			);
			dependencies = (
				B8CCE1B71AD8C13500882391 /* PBXTargetDependency */,
			);
			name = MarkMyWordTests;
			productName = MarkMyWordTests;
			productReference = B8CCE1B51AD8C13500882391 /* MarkMyWordTests.xctest */;
			productType = "com.apple.product-type.bundle.unit-test";
		};
/* End PBXNativeTarget section */

/* Begin PBXProject section */
		B8CCE1941AD8C13500882391 /* Project object */ = {
			isa = PBXProject;
			attributes = {
				LastSwiftUpdateCheck = 0700;
				LastUpgradeCheck = 0710;
				ORGANIZATIONNAME = "Hook Studios";
				TargetAttributes = {
					B8CCE19B1AD8C13500882391 = {
						CreatedOnToolsVersion = 6.3;
						DevelopmentTeam = 2NN9JNUBV3;
					};
					B8CCE1B41AD8C13500882391 = {
						CreatedOnToolsVersion = 6.3;
						TestTargetID = B8CCE19B1AD8C13500882391;
					};
				};
			};
			buildConfigurationList = B8CCE1971AD8C13500882391 /* Build configuration list for PBXProject "MarkMyWord" */;
			compatibilityVersion = "Xcode 3.2";
			developmentRegion = English;
			hasScannedForEncodings = 0;
			knownRegions = (
				en,
				Base,
			);
			mainGroup = B8CCE1931AD8C13500882391;
			productRefGroup = B8CCE19D1AD8C13500882391 /* Products */;
			projectDirPath = "";
			projectRoot = "";
			targets = (
				B8CCE19B1AD8C13500882391 /* MarkMyWord */,
				B8CCE1B41AD8C13500882391 /* MarkMyWordTests */,
			);
		};
/* End PBXProject section */

/* Begin PBXResourcesBuildPhase section */
		B8CCE19A1AD8C13500882391 /* Resources */ = {
			isa = PBXResourcesBuildPhase;
			buildActionMask = 2147483647;
			files = (
				B88A58651BEAD969003E0957 /* MMWPlayerTilesPlaque.png in Resources */,
				B88118DC1BEAA32A003E74E5 /* WordList6LetterNoDup.txt in Resources */,
				B88A586C1BEADA46003E0957 /* Tile3D100xGLOW.png in Resources */,
				B88A58611BEAD951003E0957 /* PlayerBG.png in Resources */,
				B88A58581BEAD859003E0957 /* MeyamaSplashScreen_iPad.jpg in Resources */,
				B8CCE1B01AD8C13500882391 /* LaunchScreen.xib in Resources */,
				B8CCE1AD1AD8C13500882391 /* Images.xcassets in Resources */,
				B88A585D1BEAD859003E0957 /* PassButton.png in Resources */,
				B88A585B1BEAD859003E0957 /* NewTilesButton.png in Resources */,
				B8FFF25F1BE96E2E006D2010 /* spark.png in Resources */,
				B88A585E1BEAD859003E0957 /* PauseButton.png in Resources */,
				B88A58571BEAD859003E0957 /* MarkMyWordBGCleaniPad@2x.png in Resources */,
				B88A585C1BEAD859003E0957 /* OptionsButton.png in Resources */,
				B88A58671BEAD978003E0957 /* yellowPlayer.png in Resources */,
				B8361E391BE2AAC1000CEB0E /* WordList5LetterNoDup.txt in Resources */,
				B8FFF25E1BE96E2E006D2010 /* MagicParticle.sks in Resources */,
				B88A58541BEAD859003E0957 /* 1003.WAV in Resources */,
				B88A58591BEAD859003E0957 /* MeyamaSplashScreen_iPad@2x.jpg in Resources */,
				B84EBE971BE14700008B6B12 /* WordList1to3LetterNoDup.txt in Resources */,
				B88A58641BEAD969003E0957 /* MMWPlayerTilesGrid.png in Resources */,
				B8B2CACC1ADADD9100C9DEE7 /* 5-LetterWords.txt in Resources */,
				B8CCE1A41AD8C13500882391 /* GameScene.sks in Resources */,
				B879D8F11BDDCE4E0088A5A4 /* enable1WordListMod.txt in Resources */,
				B88A58551BEAD859003E0957 /* 1007.WAV in Resources */,
				B88A586A1BEAD9D5003E0957 /* Tile3D95x.png in Resources */,
				B88A585A1BEAD859003E0957 /* MMWOptionsScreen.png in Resources */,
				B8FA8FA71AE9DD7F007CF07C /* particle.png in Resources */,
				B84EBE981BE14700008B6B12 /* WordList4LetterNoDup.txt in Resources */,
				B8CCE1AB1AD8C13500882391 /* Main.storyboard in Resources */,
				B88A586E1BEADA57003E0957 /* Tile3D95xBack.png in Resources */,
				B88A58701BEADA6F003E0957 /* TileShadow90x90.png in Resources */,
				B88A58531BEAD859003E0957 /* 37Bronk.mp3 in Resources */,
				B88A58561BEAD859003E0957 /* 1023.WAV in Resources */,
				B88A585F1BEAD859003E0957 /* PlayButton.png in Resources */,
			);
			runOnlyForDeploymentPostprocessing = 0;
		};
		B8CCE1B31AD8C13500882391 /* Resources */ = {
			isa = PBXResourcesBuildPhase;
			buildActionMask = 2147483647;
			files = (
			);
			runOnlyForDeploymentPostprocessing = 0;
		};
/* End PBXResourcesBuildPhase section */

/* Begin PBXSourcesBuildPhase section */
		B8CCE1981AD8C13500882391 /* Sources */ = {
			isa = PBXSourcesBuildPhase;
			buildActionMask = 2147483647;
			files = (
				B8B5E1EA1BB707FC00AD876E /* TrieElement.swift in Sources */,
				B8B49DBB1AF1AF610086154C /* MMWResultsScene.swift in Sources */,
				B8D130E71AFD635500865982 /* PlayerView.swift in Sources */,
				B8CB742F1AF9260400AE5F40 /* Grid.swift in Sources */,
				B8CCE1A61AD8C13500882391 /* MMWGameScene.swift in Sources */,
				B8AA6C081B2A481600DEAC41 /* MMWTileBuilder.swift in Sources */,
				B82786151B05585D00916E20 /* Player.swift in Sources */,
				B8E874E61AE17E0000763849 /* MMWTile.swift in Sources */,
				B8C14EF11AF27E5100E640C0 /* LetterTileSprite.swift in Sources */,
				B8CCE1A81AD8C13500882391 /* MMWGameSceneViewController.swift in Sources */,
				B8D789281B0C3A0300C3DC36 /* MMWGame.swift in Sources */,
				B8FA8FA21AE9DC93007CF07C /* GameData.swift in Sources */,
				B808A42E1B9A0C000070A1A6 /* Trie.swift in Sources */,
				B8FA8FA91AE9DDB5007CF07C /* Config.swift in Sources */,
				B8A455171AF15A1400C0D83B /* GameViewController.swift in Sources */,
				B820241F1B65BFD0004E413A /* StreamReader.swift in Sources */,
				B8A455161AF15A1400C0D83B /* MainMenuScene.swift in Sources */,
				B8CCE1A21AD8C13500882391 /* AppDelegate.swift in Sources */,
			);
			runOnlyForDeploymentPostprocessing = 0;
		};
		B8CCE1B11AD8C13500882391 /* Sources */ = {
			isa = PBXSourcesBuildPhase;
			buildActionMask = 2147483647;
			files = (
				B8CCE1BC1AD8C13500882391 /* MarkMyWordTests.swift in Sources */,
				B86530651BB7114F00A6A471 /* TrieTests.swift in Sources */,
			);
			runOnlyForDeploymentPostprocessing = 0;
		};
/* End PBXSourcesBuildPhase section */

/* Begin PBXTargetDependency section */
		B8CCE1B71AD8C13500882391 /* PBXTargetDependency */ = {
			isa = PBXTargetDependency;
			target = B8CCE19B1AD8C13500882391 /* MarkMyWord */;
			targetProxy = B8CCE1B61AD8C13500882391 /* PBXContainerItemProxy */;
		};
/* End PBXTargetDependency section */

/* Begin PBXVariantGroup section */
		B8CCE1A91AD8C13500882391 /* Main.storyboard */ = {
			isa = PBXVariantGroup;
			children = (
				B8CCE1AA1AD8C13500882391 /* Base */,
			);
			name = Main.storyboard;
			sourceTree = "<group>";
		};
		B8CCE1AE1AD8C13500882391 /* LaunchScreen.xib */ = {
			isa = PBXVariantGroup;
			children = (
				B8CCE1AF1AD8C13500882391 /* Base */,
			);
			name = LaunchScreen.xib;
			sourceTree = "<group>";
		};
/* End PBXVariantGroup section */

/* Begin XCBuildConfiguration section */
		B8CCE1BD1AD8C13500882391 /* Debug */ = {
			isa = XCBuildConfiguration;
			buildSettings = {
				ALWAYS_SEARCH_USER_PATHS = NO;
				CLANG_CXX_LANGUAGE_STANDARD = "gnu++0x";
				CLANG_CXX_LIBRARY = "libc++";
				CLANG_ENABLE_MODULES = YES;
				CLANG_ENABLE_OBJC_ARC = YES;
				CLANG_WARN_BOOL_CONVERSION = YES;
				CLANG_WARN_CONSTANT_CONVERSION = YES;
				CLANG_WARN_DIRECT_OBJC_ISA_USAGE = YES_ERROR;
				CLANG_WARN_EMPTY_BODY = YES;
				CLANG_WARN_ENUM_CONVERSION = YES;
				CLANG_WARN_INT_CONVERSION = YES;
				CLANG_WARN_OBJC_ROOT_CLASS = YES_ERROR;
				CLANG_WARN_UNREACHABLE_CODE = YES;
				CLANG_WARN__DUPLICATE_METHOD_MATCH = YES;
				"CODE_SIGN_IDENTITY[sdk=iphoneos*]" = "iPhone Developer";
				COPY_PHASE_STRIP = NO;
				DEBUG_INFORMATION_FORMAT = "dwarf-with-dsym";
				ENABLE_STRICT_OBJC_MSGSEND = YES;
				ENABLE_TESTABILITY = YES;
				GCC_C_LANGUAGE_STANDARD = gnu99;
				GCC_DYNAMIC_NO_PIC = NO;
				GCC_NO_COMMON_BLOCKS = YES;
				GCC_OPTIMIZATION_LEVEL = 0;
				GCC_PREPROCESSOR_DEFINITIONS = (
					"DEBUG=1",
					"$(inherited)",
				);
				GCC_SYMBOLS_PRIVATE_EXTERN = NO;
				GCC_WARN_64_TO_32_BIT_CONVERSION = YES;
				GCC_WARN_ABOUT_RETURN_TYPE = YES_ERROR;
				GCC_WARN_UNDECLARED_SELECTOR = YES;
				GCC_WARN_UNINITIALIZED_AUTOS = YES_AGGRESSIVE;
				GCC_WARN_UNUSED_FUNCTION = YES;
				GCC_WARN_UNUSED_VARIABLE = YES;
				IPHONEOS_DEPLOYMENT_TARGET = 7.1;
				MTL_ENABLE_DEBUG_INFO = YES;
				ONLY_ACTIVE_ARCH = YES;
				SDKROOT = iphoneos;
				SWIFT_OPTIMIZATION_LEVEL = "-Onone";
				TARGETED_DEVICE_FAMILY = "1,2";
			};
			name = Debug;
		};
		B8CCE1BE1AD8C13500882391 /* Release */ = {
			isa = XCBuildConfiguration;
			buildSettings = {
				ALWAYS_SEARCH_USER_PATHS = NO;
				CLANG_CXX_LANGUAGE_STANDARD = "gnu++0x";
				CLANG_CXX_LIBRARY = "libc++";
				CLANG_ENABLE_MODULES = YES;
				CLANG_ENABLE_OBJC_ARC = YES;
				CLANG_WARN_BOOL_CONVERSION = YES;
				CLANG_WARN_CONSTANT_CONVERSION = YES;
				CLANG_WARN_DIRECT_OBJC_ISA_USAGE = YES_ERROR;
				CLANG_WARN_EMPTY_BODY = YES;
				CLANG_WARN_ENUM_CONVERSION = YES;
				CLANG_WARN_INT_CONVERSION = YES;
				CLANG_WARN_OBJC_ROOT_CLASS = YES_ERROR;
				CLANG_WARN_UNREACHABLE_CODE = YES;
				CLANG_WARN__DUPLICATE_METHOD_MATCH = YES;
				"CODE_SIGN_IDENTITY[sdk=iphoneos*]" = "iPhone Developer";
				COPY_PHASE_STRIP = NO;
				DEBUG_INFORMATION_FORMAT = "dwarf-with-dsym";
				ENABLE_NS_ASSERTIONS = NO;
				ENABLE_STRICT_OBJC_MSGSEND = YES;
				GCC_C_LANGUAGE_STANDARD = gnu99;
				GCC_NO_COMMON_BLOCKS = YES;
				GCC_WARN_64_TO_32_BIT_CONVERSION = YES;
				GCC_WARN_ABOUT_RETURN_TYPE = YES_ERROR;
				GCC_WARN_UNDECLARED_SELECTOR = YES;
				GCC_WARN_UNINITIALIZED_AUTOS = YES_AGGRESSIVE;
				GCC_WARN_UNUSED_FUNCTION = YES;
				GCC_WARN_UNUSED_VARIABLE = YES;
				IPHONEOS_DEPLOYMENT_TARGET = 7.1;
				MTL_ENABLE_DEBUG_INFO = NO;
				SDKROOT = iphoneos;
				TARGETED_DEVICE_FAMILY = "1,2";
				VALIDATE_PRODUCT = YES;
			};
			name = Release;
		};
		B8CCE1C01AD8C13500882391 /* Debug */ = {
			isa = XCBuildConfiguration;
			buildSettings = {
				ASSETCATALOG_COMPILER_APPICON_NAME = AppIcon;
				ASSETCATALOG_COMPILER_LAUNCHIMAGE_NAME = LaunchImage;
				CLANG_ENABLE_MODULES = YES;
				CODE_SIGN_IDENTITY = "iPhone Developer";
				"CODE_SIGN_IDENTITY[sdk=iphoneos*]" = "iPhone Developer";
				INFOPLIST_FILE = MarkMyWord/Info.plist;
				IPHONEOS_DEPLOYMENT_TARGET = 8.0;
				LD_RUNPATH_SEARCH_PATHS = "$(inherited) @executable_path/Frameworks";
				PRODUCT_BUNDLE_IDENTIFIER = "com.hookstudios.$(PRODUCT_NAME:rfc1034identifier)";
				PRODUCT_NAME = "$(TARGET_NAME)";
				PROVISIONING_PROFILE = "";
				SWIFT_OPTIMIZATION_LEVEL = "-Onone";
				TARGETED_DEVICE_FAMILY = "1,2";
			};
			name = Debug;
		};
		B8CCE1C11AD8C13500882391 /* Release */ = {
			isa = XCBuildConfiguration;
			buildSettings = {
				ASSETCATALOG_COMPILER_APPICON_NAME = AppIcon;
				ASSETCATALOG_COMPILER_LAUNCHIMAGE_NAME = LaunchImage;
				CLANG_ENABLE_MODULES = YES;
				CODE_SIGN_IDENTITY = "iPhone Developer";
				"CODE_SIGN_IDENTITY[sdk=iphoneos*]" = "iPhone Developer";
				INFOPLIST_FILE = MarkMyWord/Info.plist;
				IPHONEOS_DEPLOYMENT_TARGET = 8.0;
				LD_RUNPATH_SEARCH_PATHS = "$(inherited) @executable_path/Frameworks";
				PRODUCT_BUNDLE_IDENTIFIER = "com.hookstudios.$(PRODUCT_NAME:rfc1034identifier)";
				PRODUCT_NAME = "$(TARGET_NAME)";
				PROVISIONING_PROFILE = "";
				TARGETED_DEVICE_FAMILY = "1,2";
			};
			name = Release;
		};
		B8CCE1C31AD8C13500882391 /* Debug */ = {
			isa = XCBuildConfiguration;
			buildSettings = {
				BUNDLE_LOADER = "$(TEST_HOST)";
				FRAMEWORK_SEARCH_PATHS = (
					"$(SDKROOT)/Developer/Library/Frameworks",
					"$(inherited)",
				);
				GCC_PREPROCESSOR_DEFINITIONS = (
					"DEBUG=1",
					"$(inherited)",
				);
				INFOPLIST_FILE = MarkMyWordTests/Info.plist;
				LD_RUNPATH_SEARCH_PATHS = "$(inherited) @executable_path/Frameworks @loader_path/Frameworks";
				PRODUCT_BUNDLE_IDENTIFIER = "com.hookstudios.$(PRODUCT_NAME:rfc1034identifier)";
				PRODUCT_NAME = "$(TARGET_NAME)";
				TEST_HOST = "$(BUILT_PRODUCTS_DIR)/MarkMyWord.app/MarkMyWord";
			};
			name = Debug;
		};
		B8CCE1C41AD8C13500882391 /* Release */ = {
			isa = XCBuildConfiguration;
			buildSettings = {
				BUNDLE_LOADER = "$(TEST_HOST)";
				FRAMEWORK_SEARCH_PATHS = (
					"$(SDKROOT)/Developer/Library/Frameworks",
					"$(inherited)",
				);
				INFOPLIST_FILE = MarkMyWordTests/Info.plist;
				LD_RUNPATH_SEARCH_PATHS = "$(inherited) @executable_path/Frameworks @loader_path/Frameworks";
				PRODUCT_BUNDLE_IDENTIFIER = "com.hookstudios.$(PRODUCT_NAME:rfc1034identifier)";
				PRODUCT_NAME = "$(TARGET_NAME)";
				TEST_HOST = "$(BUILT_PRODUCTS_DIR)/MarkMyWord.app/MarkMyWord";
			};
			name = Release;
		};
/* End XCBuildConfiguration section */

/* Begin XCConfigurationList section */
		B8CCE1971AD8C13500882391 /* Build configuration list for PBXProject "MarkMyWord" */ = {
			isa = XCConfigurationList;
			buildConfigurations = (
				B8CCE1BD1AD8C13500882391 /* Debug */,
				B8CCE1BE1AD8C13500882391 /* Release */,
			);
			defaultConfigurationIsVisible = 0;
			defaultConfigurationName = Release;
		};
		B8CCE1BF1AD8C13500882391 /* Build configuration list for PBXNativeTarget "MarkMyWord" */ = {
			isa = XCConfigurationList;
			buildConfigurations = (
				B8CCE1C01AD8C13500882391 /* Debug */,
				B8CCE1C11AD8C13500882391 /* Release */,
			);
			defaultConfigurationIsVisible = 0;
			defaultConfigurationName = Release;
		};
		B8CCE1C21AD8C13500882391 /* Build configuration list for PBXNativeTarget "MarkMyWordTests" */ = {
			isa = XCConfigurationList;
			buildConfigurations = (
				B8CCE1C31AD8C13500882391 /* Debug */,
				B8CCE1C41AD8C13500882391 /* Release */,
			);
			defaultConfigurationIsVisible = 0;
			defaultConfigurationName = Release;
		};
/* End XCConfigurationList section */
	};
	rootObject = B8CCE1941AD8C13500882391 /* Project object */;
}
